PODS:
  - Alamofire (5.2.2)
  - AlamofireImage (4.1.0):
    - Alamofire (~> 5.1)
  - DTModelStorage (8.0.0):
    - DTModelStorage/Core (= 8.0.0)
  - DTModelStorage/Core (8.0.0)
  - JFCollectionViewManager (7.5.2):
    - DTModelStorage (= 8.0.0)
  - JFMarkdownKit (1.2.2)
  - JMDesignKit (1.0.0)
  - JMMarkdownKit (1.1.3):
    - JFMarkdownKit
    - JMDesignKit
    - TypedTextAttributes
  - JMOnetimeCalculator (1.0.0)
  - JMRepicKit (1.0.1):
    - AlamofireImage
  - JMScalableView (1.0.0):
    - JMDesignKit
  - libwebp (1.1.0):
    - libwebp/demux (= 1.1.0)
    - libwebp/mux (= 1.1.0)
    - libwebp/webp (= 1.1.0)
  - libwebp/demux (1.1.0):
    - libwebp/webp
  - libwebp/mux (1.1.0):
    - libwebp/demux
  - libwebp/webp (1.1.0)
  - lottie-ios (3.1.8)
  - SDWebImage (4.4.8):
    - SDWebImage/Core (= 4.4.8)
  - SDWebImage/Core (4.4.8)
  - SDWebImage/WebP (4.4.8):
    - libwebp (< 2.0, >= 0.5)
    - SDWebImage/Core
  - SwiftyNSException (2.0.0)
  - TypedTextAttributes (1.1.0)

DEPENDENCIES:
  - AlamofireImage
  - DTModelStorage (~> 8.0.0)
  - JFCollectionViewManager (= 7.5.2)
  - JMMarkdownKit
  - JMOnetimeCalculator
  - JMRepicKit
  - JMScalableView
  - lottie-ios
  - SDWebImage
  - SDWebImage/WebP
  - SwiftyNSException
  - TypedTextAttributes

SPEC REPOS:
  https://github.com/JivoChat/JMSpecsRepo.git:
    - JFCollectionViewManager
    - JFMarkdownKit
    - JMDesignKit
    - JMMarkdownKit
    - JMOnetimeCalculator
    - JMRepicKit
    - JMScalableView
  trunk:
    - Alamofire
    - AlamofireImage
    - DTModelStorage
    - libwebp
    - lottie-ios
    - SDWebImage
    - SwiftyNSException
    - TypedTextAttributes

SPEC CHECKSUMS:
  Alamofire: 814429acc853c6c54ff123fc3d2ef66803823ce0
  AlamofireImage: c4a2ba349885fb3064feb74d2e547bd42ce9be10
  DTModelStorage: 3b86a1e37496532bbd74cadc5b9310238d5ba780
  JFCollectionViewManager: b0fe7e93acfe335d72fae4dad88e9e036ba1c8ed
  JFMarkdownKit: 9fbf4d7e07ddb4213f7044547497159a55ca3c73
  JMDesignKit: a2504dd6c940691b4a479b871bc2a73a707c8a93
  JMMarkdownKit: b47ad1429d0fa299d803560415dd264ceafcf43d
  JMOnetimeCalculator: 715be6053625fd4ecbeeccce97b68b376ce4acb3
  JMRepicKit: 2e90b3e9f1cc67c1bec7260beab251e0d3791c0a
  JMScalableView: 5e46b19b98bdd4b132fd75fc3ffe14b5b18ca393
  libwebp: 946cb3063cea9236285f7e9a8505d806d30e07f3
  lottie-ios: 48fac6be217c76937e36e340e2d09cf7b10b7f5f
  SDWebImage: 783af2c3fa36291a250030c4752ee370a9a51d13
  SwiftyNSException: 14b2593b12fec2a29e8666a3f8db682161b3aa0a
  TypedTextAttributes: fc3a5a8c4a7a28304446f8c5e8af146d11c2163a

PODFILE CHECKSUM: 53e20070f24e261d7ca0c601eb8aa43ace50808b

COCOAPODS: 1.10.1
