// !$*UTF8*$!
{
	archiveVersion = 1;
	classes = {
	};
	objectVersion = 50;
	objects = {

/* Begin PBXBuildFile section */
		D4C0867327213F1D00472D48 /* JMTimelineCompositeAudioBlock.swift in Sources */ = {isa = PBXBuildFile; fileRef = D4C0867227213F1D00472D48 /* JMTimelineCompositeAudioBlock.swift */; };
		D4C0867827213FCB00472D48 /* JMTimelineAudioItem.swift in Sources */ = {isa = PBXBuildFile; fileRef = D4C0867527213FCB00472D48 /* JMTimelineAudioItem.swift */; };
		D4C0867927213FCB00472D48 /* JMTimelineAudioContent.swift in Sources */ = {isa = PBXBuildFile; fileRef = D4C0867627213FCB00472D48 /* JMTimelineAudioContent.swift */; };
		D4C0867A27213FCB00472D48 /* JMTimelineAudioCell.swift in Sources */ = {isa = PBXBuildFile; fileRef = D4C0867727213FCB00472D48 /* JMTimelineAudioCell.swift */; };
		EC4B680AB7DB3B28298AED77 /* Pods_JMTimelineKit.framework in Frameworks */ = {isa = PBXBuildFile; fileRef = 50652DE5F7C59A16B2845018 /* Pods_JMTimelineKit.framework */; };
		FA620B3026284C0A003CD741 /* JMTimelineSystemButton.swift in Sources */ = {isa = PBXBuildFile; fileRef = FA620AB026284C09003CD741 /* JMTimelineSystemButton.swift */; };
		FA620B3126284C0A003CD741 /* JMTimelineSystemItem.swift in Sources */ = {isa = PBXBuildFile; fileRef = FA620AB126284C09003CD741 /* JMTimelineSystemItem.swift */; };
		FA620B3226284C0A003CD741 /* JMTimelineSystemContent.swift in Sources */ = {isa = PBXBuildFile; fileRef = FA620AB226284C09003CD741 /* JMTimelineSystemContent.swift */; };
		FA620B3326284C0A003CD741 /* JMTimelineSystemCell.swift in Sources */ = {isa = PBXBuildFile; fileRef = FA620AB326284C09003CD741 /* JMTimelineSystemCell.swift */; };
		FA620B3426284C0A003CD741 /* JMTimelineView.h in Headers */ = {isa = PBXBuildFile; fileRef = FA620AB426284C09003CD741 /* JMTimelineView.h */; };
		FA620B3526284C0A003CD741 /* JMTimelineTimepointContent.swift in Sources */ = {isa = PBXBuildFile; fileRef = FA620AB626284C09003CD741 /* JMTimelineTimepointContent.swift */; };
		FA620B3626284C0A003CD741 /* JMTimelineTimepointLabel.swift in Sources */ = {isa = PBXBuildFile; fileRef = FA620AB726284C09003CD741 /* JMTimelineTimepointLabel.swift */; };
		FA620B3726284C0A003CD741 /* JMTimelineTimepointItem.swift in Sources */ = {isa = PBXBuildFile; fileRef = FA620AB826284C09003CD741 /* JMTimelineTimepointItem.swift */; };
		FA620B3826284C0A003CD741 /* JMTimelineTimepointCell.swift in Sources */ = {isa = PBXBuildFile; fileRef = FA620AB926284C09003CD741 /* JMTimelineTimepointCell.swift */; };
		FA620B3926284C0A003CD741 /* JMTimelineController.swift in Sources */ = {isa = PBXBuildFile; fileRef = FA620ABA26284C09003CD741 /* JMTimelineController.swift */; };
		FA620B3A26284C0A003CD741 /* CGRectExtensions.swift in Sources */ = {isa = PBXBuildFile; fileRef = FA620ABC26284C09003CD741 /* CGRectExtensions.swift */; };
		FA620B3B26284C0A003CD741 /* UIEdgeInsetsExtensions.swift in Sources */ = {isa = PBXBuildFile; fileRef = FA620ABD26284C09003CD741 /* UIEdgeInsetsExtensions.swift */; };
		FA620B3C26284C0A003CD741 /* CGSizeExtensions.swift in Sources */ = {isa = PBXBuildFile; fileRef = FA620ABE26284C09003CD741 /* CGSizeExtensions.swift */; };
		FA620B3D26284C0A003CD741 /* CGAffineTransformExtensions.swift in Sources */ = {isa = PBXBuildFile; fileRef = FA620ABF26284C09003CD741 /* CGAffineTransformExtensions.swift */; };
		FA620B3E26284C0A003CD741 /* JMComplexAvatarViewExtensions.swift in Sources */ = {isa = PBXBuildFile; fileRef = FA620AC026284C09003CD741 /* JMComplexAvatarViewExtensions.swift */; };
		FA620B3F26284C0A003CD741 /* StringExtensions.swift in Sources */ = {isa = PBXBuildFile; fileRef = FA620AC126284C09003CD741 /* StringExtensions.swift */; };
		FA620B4026284C0A003CD741 /* UITraitCollectionExtensions.swift in Sources */ = {isa = PBXBuildFile; fileRef = FA620AC226284C09003CD741 /* UITraitCollectionExtensions.swift */; };
		FA620B4126284C0A003CD741 /* UIImageExtensions.swift in Sources */ = {isa = PBXBuildFile; fileRef = FA620AC326284C09003CD741 /* UIImageExtensions.swift */; };
		FA620B4226284C0A003CD741 /* UIViewExtensions.swift in Sources */ = {isa = PBXBuildFile; fileRef = FA620AC426284C09003CD741 /* UIViewExtensions.swift */; };
		FA620B4326284C0A003CD741 /* DateExtensions.swift in Sources */ = {isa = PBXBuildFile; fileRef = FA620AC526284C09003CD741 /* DateExtensions.swift */; };
		FA620B4426284C0A003CD741 /* UILabelExtensions.swift in Sources */ = {isa = PBXBuildFile; fileRef = FA620AC626284C09003CD741 /* UILabelExtensions.swift */; };
		FA620B4526284C0A003CD741 /* JMTimelineCollectionLayout.swift in Sources */ = {isa = PBXBuildFile; fileRef = FA620AC726284C09003CD741 /* JMTimelineCollectionLayout.swift */; };
		FA620B4626284C0A003CD741 /* JMTimelineFactory.swift in Sources */ = {isa = PBXBuildFile; fileRef = FA620AC826284C09003CD741 /* JMTimelineFactory.swift */; };
		FA620B4726284C0A003CD741 /* JMTimelineCache.swift in Sources */ = {isa = PBXBuildFile; fileRef = FA620AC926284C09003CD741 /* JMTimelineCache.swift */; };
		FA620B4826284C0A003CD741 /* JMTimelineHistory.swift in Sources */ = {isa = PBXBuildFile; fileRef = FA620ACA26284C09003CD741 /* JMTimelineHistory.swift */; };
		FA620B4926284C0A003CD741 /* JMTimelineViewUpdater.swift in Sources */ = {isa = PBXBuildFile; fileRef = FA620ACB26284C09003CD741 /* JMTimelineViewUpdater.swift */; };
		FA620B4A26284C0A003CD741 /* JMTimelineDateHeaderContent.swift in Sources */ = {isa = PBXBuildFile; fileRef = FA620ACD26284C09003CD741 /* JMTimelineDateHeaderContent.swift */; };
		FA620B4B26284C0A003CD741 /* JMTimelineDateHeaderView.swift in Sources */ = {isa = PBXBuildFile; fileRef = FA620ACE26284C09003CD741 /* JMTimelineDateHeaderView.swift */; };
		FA620B4C26284C0A003CD741 /* JMTimelineDateItem.swift in Sources */ = {isa = PBXBuildFile; fileRef = FA620ACF26284C09003CD741 /* JMTimelineDateItem.swift */; };
		FA620B4D26284C0A003CD741 /* JMTimelineLoaderCell.swift in Sources */ = {isa = PBXBuildFile; fileRef = FA620AD126284C09003CD741 /* JMTimelineLoaderCell.swift */; };
		FA620B4E26284C0A003CD741 /* JMTimelineLoaderItem.swift in Sources */ = {isa = PBXBuildFile; fileRef = FA620AD226284C09003CD741 /* JMTimelineLoaderItem.swift */; };
		FA620B4F26284C0A003CD741 /* JMTimelineLoaderContent.swift in Sources */ = {isa = PBXBuildFile; fileRef = FA620AD326284C09003CD741 /* JMTimelineLoaderContent.swift */; };
		FA620B5126284C0A003CD741 /* JMTimelineObject.swift in Sources */ = {isa = PBXBuildFile; fileRef = FA620AD626284C09003CD741 /* JMTimelineObject.swift */; };
		FA620B5226284C0A003CD741 /* JMTimelineHeaderView.swift in Sources */ = {isa = PBXBuildFile; fileRef = FA620AD726284C09003CD741 /* JMTimelineHeaderView.swift */; };
		FA620B5326284C0A003CD741 /* JMTimelineDeliveryView.swift in Sources */ = {isa = PBXBuildFile; fileRef = FA620AD826284C09003CD741 /* JMTimelineDeliveryView.swift */; };
		FA620B5426284C0A003CD741 /* JMTimelineContent.swift in Sources */ = {isa = PBXBuildFile; fileRef = FA620AD926284C09003CD741 /* JMTimelineContent.swift */; };
		FA620B5526284C0A003CD741 /* JMTimelineContainerReactionControl.swift in Sources */ = {isa = PBXBuildFile; fileRef = FA620ADA26284C09003CD741 /* JMTimelineContainerReactionControl.swift */; };
		FA620B5626284C0A003CD741 /* JMTimelineContainer.swift in Sources */ = {isa = PBXBuildFile; fileRef = FA620ADB26284C09003CD741 /* JMTimelineContainer.swift */; };
		FA620B5726284C0A003CD741 /* JMTimelineStyle.swift in Sources */ = {isa = PBXBuildFile; fileRef = FA620ADC26284C09003CD741 /* JMTimelineStyle.swift */; };
		FA620B5826284C0A003CD741 /* JMTimelineItemInteractiveID.swift in Sources */ = {isa = PBXBuildFile; fileRef = FA620ADD26284C09003CD741 /* JMTimelineItemInteractiveID.swift */; };
		FA620B5926284C0A003CD741 /* JMTimelineItem.swift in Sources */ = {isa = PBXBuildFile; fileRef = FA620ADE26284C09003CD741 /* JMTimelineItem.swift */; };
		FA620B5A26284C0A003CD741 /* JMTimelineContainerFooter.swift in Sources */ = {isa = PBXBuildFile; fileRef = FA620ADF26284C0A003CD741 /* JMTimelineContainerFooter.swift */; };
		FA620B5B26284C0A003CD741 /* JMTimelineEventCell.swift in Sources */ = {isa = PBXBuildFile; fileRef = FA620AE026284C0A003CD741 /* JMTimelineEventCell.swift */; };
		FA620B5C26284C0A003CD741 /* JMTimelineProvider.swift in Sources */ = {isa = PBXBuildFile; fileRef = FA620AE126284C0A003CD741 /* JMTimelineProvider.swift */; };
		FA620B5D26284C0A003CD741 /* JMTimelineLinkable.swift in Sources */ = {isa = PBXBuildFile; fileRef = FA620AE226284C0A003CD741 /* JMTimelineLinkable.swift */; };
		FA620B5E26284C0A003CD741 /* JMTimelineInteractor.swift in Sources */ = {isa = PBXBuildFile; fileRef = FA620AE326284C0A003CD741 /* JMTimelineInteractor.swift */; };
		FA620B5F26284C0A003CD741 /* JMTimelineDataSource.swift in Sources */ = {isa = PBXBuildFile; fileRef = FA620AE426284C0A003CD741 /* JMTimelineDataSource.swift */; };
		FA620B6026284C0A003CD741 /* JMTimelineView.swift in Sources */ = {isa = PBXBuildFile; fileRef = FA620AE526284C0A003CD741 /* JMTimelineView.swift */; };
		FA620B6126284C0A003CD741 /* JMTimelineCompositePhotoBlock.swift in Sources */ = {isa = PBXBuildFile; fileRef = FA620AE826284C0A003CD741 /* JMTimelineCompositePhotoBlock.swift */; };
		FA620B6226284C0A003CD741 /* JMTimelineCompositeButtonsBlock.swift in Sources */ = {isa = PBXBuildFile; fileRef = FA620AE926284C0A003CD741 /* JMTimelineCompositeButtonsBlock.swift */; };
		FA620B6326284C0A003CD741 /* JMTimelineCompositePairsBlock.swift in Sources */ = {isa = PBXBuildFile; fileRef = FA620AEA26284C0A003CD741 /* JMTimelineCompositePairsBlock.swift */; };
		FA620B6426284C0A003CD741 /* JMTimelineCompositeSpaceBlock.swift in Sources */ = {isa = PBXBuildFile; fileRef = FA620AEB26284C0A003CD741 /* JMTimelineCompositeSpaceBlock.swift */; };
		FA620B6526284C0A003CD741 /* JMTimelineCompositeVideoBlock.swift in Sources */ = {isa = PBXBuildFile; fileRef = FA620AEC26284C0A003CD741 /* JMTimelineCompositeVideoBlock.swift */; };
		FA620B6626284C0A003CD741 /* JMTimelineCompositeCallPlayableBlock.swift in Sources */ = {isa = PBXBuildFile; fileRef = FA620AED26284C0A003CD741 /* JMTimelineCompositeCallPlayableBlock.swift */; };
		FA620B6726284C0A003CD741 /* JMTimelineCompositeHeadingBlock.swift in Sources */ = {isa = PBXBuildFile; fileRef = FA620AEE26284C0A003CD741 /* JMTimelineCompositeHeadingBlock.swift */; };
		FA620B6826284C0A003CD741 /* JMTimelineCompositeCallRecordlessBlock.swift in Sources */ = {isa = PBXBuildFile; fileRef = FA620AEF26284C0A003CD741 /* JMTimelineCompositeCallRecordlessBlock.swift */; };
		FA620B6926284C0A003CD741 /* JMTimelineCompositeRichBlock.swift in Sources */ = {isa = PBXBuildFile; fileRef = FA620AF026284C0A003CD741 /* JMTimelineCompositeRichBlock.swift */; };
		FA620B6A26284C0A003CD741 /* JMTimelineCompositeLocationBlock.swift in Sources */ = {isa = PBXBuildFile; fileRef = FA620AF126284C0A003CD741 /* JMTimelineCompositeLocationBlock.swift */; };
		FA620B6B26284C0A003CD741 /* JMTimelineCompositePlainBlock.swift in Sources */ = {isa = PBXBuildFile; fileRef = FA620AF226284C0A003CD741 /* JMTimelineCompositePlainBlock.swift */; };
		FA620B6C26284C0A003CD741 /* JMTimelineCompositeMediaBlock.swift in Sources */ = {isa = PBXBuildFile; fileRef = FA620AF326284C0A003CD741 /* JMTimelineCompositeMediaBlock.swift */; };
		FA620B6D26284C0A003CD741 /* JMTimelineOrderCell.swift in Sources */ = {isa = PBXBuildFile; fileRef = FA620AF526284C0A003CD741 /* JMTimelineOrderCell.swift */; };
		FA620B6E26284C0A003CD741 /* JMTimelineOrderItem.swift in Sources */ = {isa = PBXBuildFile; fileRef = FA620AF626284C0A003CD741 /* JMTimelineOrderItem.swift */; };
		FA620B6F26284C0A003CD741 /* JMTimelineOrderContent.swift in Sources */ = {isa = PBXBuildFile; fileRef = FA620AF726284C0A003CD741 /* JMTimelineOrderContent.swift */; };
		FA620B7026284C0A003CD741 /* JMTimelineCompositeContent.swift in Sources */ = {isa = PBXBuildFile; fileRef = FA620AF826284C0A003CD741 /* JMTimelineCompositeContent.swift */; };
		FA620B7126284C0A003CD741 /* JMTimelineMediaPlayerItem.swift in Sources */ = {isa = PBXBuildFile; fileRef = FA620AF926284C0A003CD741 /* JMTimelineMediaPlayerItem.swift */; };
		FA620B7226284C0A003CD741 /* JMTimelinePlainItem.swift in Sources */ = {isa = PBXBuildFile; fileRef = FA620AFB26284C0A003CD741 /* JMTimelinePlainItem.swift */; };
		FA620B7326284C0A003CD741 /* JMTimelinePlainCell.swift in Sources */ = {isa = PBXBuildFile; fileRef = FA620AFC26284C0A003CD741 /* JMTimelinePlainCell.swift */; };
		FA620B7426284C0A003CD741 /* JMTimelinePlainContent.swift in Sources */ = {isa = PBXBuildFile; fileRef = FA620AFD26284C0A003CD741 /* JMTimelinePlainContent.swift */; };
		FA620B7526284C0A003CD741 /* JMTimelineLocationCell.swift in Sources */ = {isa = PBXBuildFile; fileRef = FA620AFF26284C0A003CD741 /* JMTimelineLocationCell.swift */; };
		FA620B7626284C0A003CD741 /* JMTimelineLocationItem.swift in Sources */ = {isa = PBXBuildFile; fileRef = FA620B0026284C0A003CD741 /* JMTimelineLocationItem.swift */; };
		FA620B7726284C0A003CD741 /* JMTimelineLocationContent.swift in Sources */ = {isa = PBXBuildFile; fileRef = FA620B0126284C0A003CD741 /* JMTimelineLocationContent.swift */; };
		FA620B7926284C0A003CD741 /* JMTimelineCompositeSenderLabel.swift in Sources */ = {isa = PBXBuildFile; fileRef = FA620B0426284C0A003CD741 /* JMTimelineCompositeSenderLabel.swift */; };
		FA620B7A26284C0A003CD741 /* JMTimelineEmojiCell.swift in Sources */ = {isa = PBXBuildFile; fileRef = FA620B0626284C0A003CD741 /* JMTimelineEmojiCell.swift */; };
		FA620B7B26284C0A003CD741 /* JMTimelineEmojiItem.swift in Sources */ = {isa = PBXBuildFile; fileRef = FA620B0726284C0A003CD741 /* JMTimelineEmojiItem.swift */; };
		FA620B7C26284C0A003CD741 /* JMTimelineEmojiContent.swift in Sources */ = {isa = PBXBuildFile; fileRef = FA620B0826284C0A003CD741 /* JMTimelineEmojiContent.swift */; };
		FA620B7D26284C0A003CD741 /* JMTimelineBlock.swift in Sources */ = {isa = PBXBuildFile; fileRef = FA620B0926284C0A003CD741 /* JMTimelineBlock.swift */; };
		FA620B7E26284C0A003CD741 /* JMTimelineObservableSlider.swift in Sources */ = {isa = PBXBuildFile; fileRef = FA620B0B26284C0A003CD741 /* JMTimelineObservableSlider.swift */; };
		FA620B7F26284C0A003CD741 /* JMTimelineCallItem.swift in Sources */ = {isa = PBXBuildFile; fileRef = FA620B0D26284C0A003CD741 /* JMTimelineCallItem.swift */; };
		FA620B8026284C0A003CD741 /* JMTimelinePlayableCallItem.swift in Sources */ = {isa = PBXBuildFile; fileRef = FA620B0F26284C0A003CD741 /* JMTimelinePlayableCallItem.swift */; };
		FA620B8126284C0B003CD741 /* JMTimelinePlayableCallCell.swift in Sources */ = {isa = PBXBuildFile; fileRef = FA620B1026284C0A003CD741 /* JMTimelinePlayableCallCell.swift */; };
		FA620B8226284C0B003CD741 /* JMTimelinePlayableCallContent.swift in Sources */ = {isa = PBXBuildFile; fileRef = FA620B1126284C0A003CD741 /* JMTimelinePlayableCallContent.swift */; };
		FA620B8326284C0B003CD741 /* JMTimelineRecordlessCallContent.swift in Sources */ = {isa = PBXBuildFile; fileRef = FA620B1326284C0A003CD741 /* JMTimelineRecordlessCallContent.swift */; };
		FA620B8426284C0B003CD741 /* JMTimelineRecordlessCallCell.swift in Sources */ = {isa = PBXBuildFile; fileRef = FA620B1426284C0A003CD741 /* JMTimelineRecordlessCallCell.swift */; };
		FA620B8526284C0B003CD741 /* JMTimelineRecordlessCallItem.swift in Sources */ = {isa = PBXBuildFile; fileRef = FA620B1526284C0A003CD741 /* JMTimelineRecordlessCallItem.swift */; };
		FA620B8626284C0B003CD741 /* JMTimelineRichContent.swift in Sources */ = {isa = PBXBuildFile; fileRef = FA620B1726284C0A003CD741 /* JMTimelineRichContent.swift */; };
		FA620B8726284C0B003CD741 /* JMTimelineRichCell.swift in Sources */ = {isa = PBXBuildFile; fileRef = FA620B1826284C0A003CD741 /* JMTimelineRichCell.swift */; };
		FA620B8826284C0B003CD741 /* JMTimelineRichItem.swift in Sources */ = {isa = PBXBuildFile; fileRef = FA620B1926284C0A003CD741 /* JMTimelineRichItem.swift */; };
		FA620B8926284C0B003CD741 /* JMTimelineBotContent.swift in Sources */ = {isa = PBXBuildFile; fileRef = FA620B1B26284C0A003CD741 /* JMTimelineBotContent.swift */; };
		FA620B8A26284C0B003CD741 /* JMTimelineBotItem.swift in Sources */ = {isa = PBXBuildFile; fileRef = FA620B1C26284C0A003CD741 /* JMTimelineBotItem.swift */; };
		FA620B8B26284C0B003CD741 /* JMTimelineBotCell.swift in Sources */ = {isa = PBXBuildFile; fileRef = FA620B1D26284C0A003CD741 /* JMTimelineBotCell.swift */; };
		FA620B8D26284C0B003CD741 /* JMTimelineCompositeCell.swift in Sources */ = {isa = PBXBuildFile; fileRef = FA620B1F26284C0A003CD741 /* JMTimelineCompositeCell.swift */; };
		FA620B8E26284C0B003CD741 /* JMTimelinePhotoItem.swift in Sources */ = {isa = PBXBuildFile; fileRef = FA620B2126284C0A003CD741 /* JMTimelinePhotoItem.swift */; };
		FA620B8F26284C0B003CD741 /* JMTimelinePhotoCell.swift in Sources */ = {isa = PBXBuildFile; fileRef = FA620B2226284C0A003CD741 /* JMTimelinePhotoCell.swift */; };
		FA620B9026284C0B003CD741 /* JMTimelinePhotoContent.swift in Sources */ = {isa = PBXBuildFile; fileRef = FA620B2326284C0A003CD741 /* JMTimelinePhotoContent.swift */; };
		FA620B9126284C0B003CD741 /* JMTimelineEmailContent.swift in Sources */ = {isa = PBXBuildFile; fileRef = FA620B2526284C0A003CD741 /* JMTimelineEmailContent.swift */; };
		FA620B9226284C0B003CD741 /* JMTimelineEmailItem.swift in Sources */ = {isa = PBXBuildFile; fileRef = FA620B2626284C0A003CD741 /* JMTimelineEmailItem.swift */; };
		FA620B9326284C0B003CD741 /* JMTimelineEmailCell.swift in Sources */ = {isa = PBXBuildFile; fileRef = FA620B2726284C0A003CD741 /* JMTimelineEmailCell.swift */; };
		FA620B9426284C0B003CD741 /* JMTimelineMessageItem.swift in Sources */ = {isa = PBXBuildFile; fileRef = FA620B2826284C0A003CD741 /* JMTimelineMessageItem.swift */; };
		FA620B9626284C0B003CD741 /* JMTimelineMediaItem.swift in Sources */ = {isa = PBXBuildFile; fileRef = FA620B2C26284C0A003CD741 /* JMTimelineMediaItem.swift */; };
		FA620B9726284C0B003CD741 /* JMTimelineMediaContent.swift in Sources */ = {isa = PBXBuildFile; fileRef = FA620B2D26284C0A003CD741 /* JMTimelineMediaContent.swift */; };
		FA620B9826284C0B003CD741 /* JMTimelineMediaCell.swift in Sources */ = {isa = PBXBuildFile; fileRef = FA620B2E26284C0A003CD741 /* JMTimelineMediaCell.swift */; };
		FA620B9926284C0B003CD741 /* JMTimelineGrouping.swift in Sources */ = {isa = PBXBuildFile; fileRef = FA620B2F26284C0A003CD741 /* JMTimelineGrouping.swift */; };
		FA620BE126285137003CD741 /* Assets.xcassets in Resources */ = {isa = PBXBuildFile; fileRef = FA620BE026285137003CD741 /* Assets.xcassets */; };
		FABFCE5726ADD9D1002A3196 /* JMTimelineCompositeTaskBlock.swift in Sources */ = {isa = PBXBuildFile; fileRef = FABFCE5626ADD9D1002A3196 /* JMTimelineCompositeTaskBlock.swift */; };
		FABFCE5C26ADDAAD002A3196 /* JMTimelineTaskCell.swift in Sources */ = {isa = PBXBuildFile; fileRef = FABFCE5926ADDAAD002A3196 /* JMTimelineTaskCell.swift */; };
		FABFCE5D26ADDAAD002A3196 /* JMTimelineTaskContent.swift in Sources */ = {isa = PBXBuildFile; fileRef = FABFCE5A26ADDAAD002A3196 /* JMTimelineTaskContent.swift */; };
		FABFCE5E26ADDAAD002A3196 /* JMTimelineTaskItem.swift in Sources */ = {isa = PBXBuildFile; fileRef = FABFCE5B26ADDAAD002A3196 /* JMTimelineTaskItem.swift */; };
/* End PBXBuildFile section */

/* Begin PBXFileReference section */
		47B168CF491BBAF58366011C /* Pods-JMTimelineKit.release.xcconfig */ = {isa = PBXFileReference; includeInIndex = 1; lastKnownFileType = text.xcconfig; name = "Pods-JMTimelineKit.release.xcconfig"; path = "Target Support Files/Pods-JMTimelineKit/Pods-JMTimelineKit.release.xcconfig"; sourceTree = "<group>"; };
		50652DE5F7C59A16B2845018 /* Pods_JMTimelineKit.framework */ = {isa = PBXFileReference; explicitFileType = wrapper.framework; includeInIndex = 0; path = Pods_JMTimelineKit.framework; sourceTree = BUILT_PRODUCTS_DIR; };
		726C55D92A03789CD4215B27 /* Pods-JMTimelineKit.debug.xcconfig */ = {isa = PBXFileReference; includeInIndex = 1; lastKnownFileType = text.xcconfig; name = "Pods-JMTimelineKit.debug.xcconfig"; path = "Target Support Files/Pods-JMTimelineKit/Pods-JMTimelineKit.debug.xcconfig"; sourceTree = "<group>"; };
		D4C0867227213F1D00472D48 /* JMTimelineCompositeAudioBlock.swift */ = {isa = PBXFileReference; fileEncoding = 4; lastKnownFileType = sourcecode.swift; path = JMTimelineCompositeAudioBlock.swift; sourceTree = "<group>"; };
		D4C0867527213FCB00472D48 /* JMTimelineAudioItem.swift */ = {isa = PBXFileReference; fileEncoding = 4; lastKnownFileType = sourcecode.swift; path = JMTimelineAudioItem.swift; sourceTree = "<group>"; };
		D4C0867627213FCB00472D48 /* JMTimelineAudioContent.swift */ = {isa = PBXFileReference; fileEncoding = 4; lastKnownFileType = sourcecode.swift; path = JMTimelineAudioContent.swift; sourceTree = "<group>"; };
		D4C0867727213FCB00472D48 /* JMTimelineAudioCell.swift */ = {isa = PBXFileReference; fileEncoding = 4; lastKnownFileType = sourcecode.swift; path = JMTimelineAudioCell.swift; sourceTree = "<group>"; };
		FA620AA226284B67003CD741 /* JMTimelineKit.framework */ = {isa = PBXFileReference; explicitFileType = wrapper.framework; includeInIndex = 0; path = JMTimelineKit.framework; sourceTree = BUILT_PRODUCTS_DIR; };
		FA620AB026284C09003CD741 /* JMTimelineSystemButton.swift */ = {isa = PBXFileReference; fileEncoding = 4; lastKnownFileType = sourcecode.swift; path = JMTimelineSystemButton.swift; sourceTree = "<group>"; };
		FA620AB126284C09003CD741 /* JMTimelineSystemItem.swift */ = {isa = PBXFileReference; fileEncoding = 4; lastKnownFileType = sourcecode.swift; path = JMTimelineSystemItem.swift; sourceTree = "<group>"; };
		FA620AB226284C09003CD741 /* JMTimelineSystemContent.swift */ = {isa = PBXFileReference; fileEncoding = 4; lastKnownFileType = sourcecode.swift; path = JMTimelineSystemContent.swift; sourceTree = "<group>"; };
		FA620AB326284C09003CD741 /* JMTimelineSystemCell.swift */ = {isa = PBXFileReference; fileEncoding = 4; lastKnownFileType = sourcecode.swift; path = JMTimelineSystemCell.swift; sourceTree = "<group>"; };
		FA620AB426284C09003CD741 /* JMTimelineView.h */ = {isa = PBXFileReference; fileEncoding = 4; lastKnownFileType = sourcecode.c.h; path = JMTimelineView.h; sourceTree = "<group>"; };
		FA620AB626284C09003CD741 /* JMTimelineTimepointContent.swift */ = {isa = PBXFileReference; fileEncoding = 4; lastKnownFileType = sourcecode.swift; path = JMTimelineTimepointContent.swift; sourceTree = "<group>"; };
		FA620AB726284C09003CD741 /* JMTimelineTimepointLabel.swift */ = {isa = PBXFileReference; fileEncoding = 4; lastKnownFileType = sourcecode.swift; path = JMTimelineTimepointLabel.swift; sourceTree = "<group>"; };
		FA620AB826284C09003CD741 /* JMTimelineTimepointItem.swift */ = {isa = PBXFileReference; fileEncoding = 4; lastKnownFileType = sourcecode.swift; path = JMTimelineTimepointItem.swift; sourceTree = "<group>"; };
		FA620AB926284C09003CD741 /* JMTimelineTimepointCell.swift */ = {isa = PBXFileReference; fileEncoding = 4; lastKnownFileType = sourcecode.swift; path = JMTimelineTimepointCell.swift; sourceTree = "<group>"; };
		FA620ABA26284C09003CD741 /* JMTimelineController.swift */ = {isa = PBXFileReference; fileEncoding = 4; lastKnownFileType = sourcecode.swift; path = JMTimelineController.swift; sourceTree = "<group>"; };
		FA620ABC26284C09003CD741 /* CGRectExtensions.swift */ = {isa = PBXFileReference; fileEncoding = 4; lastKnownFileType = sourcecode.swift; path = CGRectExtensions.swift; sourceTree = "<group>"; };
		FA620ABD26284C09003CD741 /* UIEdgeInsetsExtensions.swift */ = {isa = PBXFileReference; fileEncoding = 4; lastKnownFileType = sourcecode.swift; path = UIEdgeInsetsExtensions.swift; sourceTree = "<group>"; };
		FA620ABE26284C09003CD741 /* CGSizeExtensions.swift */ = {isa = PBXFileReference; fileEncoding = 4; lastKnownFileType = sourcecode.swift; path = CGSizeExtensions.swift; sourceTree = "<group>"; };
		FA620ABF26284C09003CD741 /* CGAffineTransformExtensions.swift */ = {isa = PBXFileReference; fileEncoding = 4; lastKnownFileType = sourcecode.swift; path = CGAffineTransformExtensions.swift; sourceTree = "<group>"; };
		FA620AC026284C09003CD741 /* JMComplexAvatarViewExtensions.swift */ = {isa = PBXFileReference; fileEncoding = 4; lastKnownFileType = sourcecode.swift; path = JMComplexAvatarViewExtensions.swift; sourceTree = "<group>"; };
		FA620AC126284C09003CD741 /* StringExtensions.swift */ = {isa = PBXFileReference; fileEncoding = 4; lastKnownFileType = sourcecode.swift; path = StringExtensions.swift; sourceTree = "<group>"; };
		FA620AC226284C09003CD741 /* UITraitCollectionExtensions.swift */ = {isa = PBXFileReference; fileEncoding = 4; lastKnownFileType = sourcecode.swift; path = UITraitCollectionExtensions.swift; sourceTree = "<group>"; };
		FA620AC326284C09003CD741 /* UIImageExtensions.swift */ = {isa = PBXFileReference; fileEncoding = 4; lastKnownFileType = sourcecode.swift; path = UIImageExtensions.swift; sourceTree = "<group>"; };
		FA620AC426284C09003CD741 /* UIViewExtensions.swift */ = {isa = PBXFileReference; fileEncoding = 4; lastKnownFileType = sourcecode.swift; path = UIViewExtensions.swift; sourceTree = "<group>"; };
		FA620AC526284C09003CD741 /* DateExtensions.swift */ = {isa = PBXFileReference; fileEncoding = 4; lastKnownFileType = sourcecode.swift; path = DateExtensions.swift; sourceTree = "<group>"; };
		FA620AC626284C09003CD741 /* UILabelExtensions.swift */ = {isa = PBXFileReference; fileEncoding = 4; lastKnownFileType = sourcecode.swift; path = UILabelExtensions.swift; sourceTree = "<group>"; };
		FA620AC726284C09003CD741 /* JMTimelineCollectionLayout.swift */ = {isa = PBXFileReference; fileEncoding = 4; lastKnownFileType = sourcecode.swift; path = JMTimelineCollectionLayout.swift; sourceTree = "<group>"; };
		FA620AC826284C09003CD741 /* JMTimelineFactory.swift */ = {isa = PBXFileReference; fileEncoding = 4; lastKnownFileType = sourcecode.swift; path = JMTimelineFactory.swift; sourceTree = "<group>"; };
		FA620AC926284C09003CD741 /* JMTimelineCache.swift */ = {isa = PBXFileReference; fileEncoding = 4; lastKnownFileType = sourcecode.swift; path = JMTimelineCache.swift; sourceTree = "<group>"; };
		FA620ACA26284C09003CD741 /* JMTimelineHistory.swift */ = {isa = PBXFileReference; fileEncoding = 4; lastKnownFileType = sourcecode.swift; path = JMTimelineHistory.swift; sourceTree = "<group>"; };
		FA620ACB26284C09003CD741 /* JMTimelineViewUpdater.swift */ = {isa = PBXFileReference; fileEncoding = 4; lastKnownFileType = sourcecode.swift; path = JMTimelineViewUpdater.swift; sourceTree = "<group>"; };
		FA620ACD26284C09003CD741 /* JMTimelineDateHeaderContent.swift */ = {isa = PBXFileReference; fileEncoding = 4; lastKnownFileType = sourcecode.swift; path = JMTimelineDateHeaderContent.swift; sourceTree = "<group>"; };
		FA620ACE26284C09003CD741 /* JMTimelineDateHeaderView.swift */ = {isa = PBXFileReference; fileEncoding = 4; lastKnownFileType = sourcecode.swift; path = JMTimelineDateHeaderView.swift; sourceTree = "<group>"; };
		FA620ACF26284C09003CD741 /* JMTimelineDateItem.swift */ = {isa = PBXFileReference; fileEncoding = 4; lastKnownFileType = sourcecode.swift; path = JMTimelineDateItem.swift; sourceTree = "<group>"; };
		FA620AD126284C09003CD741 /* JMTimelineLoaderCell.swift */ = {isa = PBXFileReference; fileEncoding = 4; lastKnownFileType = sourcecode.swift; path = JMTimelineLoaderCell.swift; sourceTree = "<group>"; };
		FA620AD226284C09003CD741 /* JMTimelineLoaderItem.swift */ = {isa = PBXFileReference; fileEncoding = 4; lastKnownFileType = sourcecode.swift; path = JMTimelineLoaderItem.swift; sourceTree = "<group>"; };
		FA620AD326284C09003CD741 /* JMTimelineLoaderContent.swift */ = {isa = PBXFileReference; fileEncoding = 4; lastKnownFileType = sourcecode.swift; path = JMTimelineLoaderContent.swift; sourceTree = "<group>"; };
		FA620AD626284C09003CD741 /* JMTimelineObject.swift */ = {isa = PBXFileReference; fileEncoding = 4; lastKnownFileType = sourcecode.swift; path = JMTimelineObject.swift; sourceTree = "<group>"; };
		FA620AD726284C09003CD741 /* JMTimelineHeaderView.swift */ = {isa = PBXFileReference; fileEncoding = 4; lastKnownFileType = sourcecode.swift; path = JMTimelineHeaderView.swift; sourceTree = "<group>"; };
		FA620AD826284C09003CD741 /* JMTimelineDeliveryView.swift */ = {isa = PBXFileReference; fileEncoding = 4; lastKnownFileType = sourcecode.swift; path = JMTimelineDeliveryView.swift; sourceTree = "<group>"; };
		FA620AD926284C09003CD741 /* JMTimelineContent.swift */ = {isa = PBXFileReference; fileEncoding = 4; lastKnownFileType = sourcecode.swift; path = JMTimelineContent.swift; sourceTree = "<group>"; };
		FA620ADA26284C09003CD741 /* JMTimelineContainerReactionControl.swift */ = {isa = PBXFileReference; fileEncoding = 4; lastKnownFileType = sourcecode.swift; path = JMTimelineContainerReactionControl.swift; sourceTree = "<group>"; };
		FA620ADB26284C09003CD741 /* JMTimelineContainer.swift */ = {isa = PBXFileReference; fileEncoding = 4; lastKnownFileType = sourcecode.swift; path = JMTimelineContainer.swift; sourceTree = "<group>"; };
		FA620ADC26284C09003CD741 /* JMTimelineStyle.swift */ = {isa = PBXFileReference; fileEncoding = 4; lastKnownFileType = sourcecode.swift; path = JMTimelineStyle.swift; sourceTree = "<group>"; };
		FA620ADD26284C09003CD741 /* JMTimelineItemInteractiveID.swift */ = {isa = PBXFileReference; fileEncoding = 4; lastKnownFileType = sourcecode.swift; path = JMTimelineItemInteractiveID.swift; sourceTree = "<group>"; };
		FA620ADE26284C09003CD741 /* JMTimelineItem.swift */ = {isa = PBXFileReference; fileEncoding = 4; lastKnownFileType = sourcecode.swift; path = JMTimelineItem.swift; sourceTree = "<group>"; };
		FA620ADF26284C0A003CD741 /* JMTimelineContainerFooter.swift */ = {isa = PBXFileReference; fileEncoding = 4; lastKnownFileType = sourcecode.swift; path = JMTimelineContainerFooter.swift; sourceTree = "<group>"; };
		FA620AE026284C0A003CD741 /* JMTimelineEventCell.swift */ = {isa = PBXFileReference; fileEncoding = 4; lastKnownFileType = sourcecode.swift; path = JMTimelineEventCell.swift; sourceTree = "<group>"; };
		FA620AE126284C0A003CD741 /* JMTimelineProvider.swift */ = {isa = PBXFileReference; fileEncoding = 4; lastKnownFileType = sourcecode.swift; path = JMTimelineProvider.swift; sourceTree = "<group>"; };
		FA620AE226284C0A003CD741 /* JMTimelineLinkable.swift */ = {isa = PBXFileReference; fileEncoding = 4; lastKnownFileType = sourcecode.swift; path = JMTimelineLinkable.swift; sourceTree = "<group>"; };
		FA620AE326284C0A003CD741 /* JMTimelineInteractor.swift */ = {isa = PBXFileReference; fileEncoding = 4; lastKnownFileType = sourcecode.swift; path = JMTimelineInteractor.swift; sourceTree = "<group>"; };
		FA620AE426284C0A003CD741 /* JMTimelineDataSource.swift */ = {isa = PBXFileReference; fileEncoding = 4; lastKnownFileType = sourcecode.swift; path = JMTimelineDataSource.swift; sourceTree = "<group>"; };
		FA620AE526284C0A003CD741 /* JMTimelineView.swift */ = {isa = PBXFileReference; fileEncoding = 4; lastKnownFileType = sourcecode.swift; path = JMTimelineView.swift; sourceTree = "<group>"; };
		FA620AE826284C0A003CD741 /* JMTimelineCompositePhotoBlock.swift */ = {isa = PBXFileReference; fileEncoding = 4; lastKnownFileType = sourcecode.swift; path = JMTimelineCompositePhotoBlock.swift; sourceTree = "<group>"; };
		FA620AE926284C0A003CD741 /* JMTimelineCompositeButtonsBlock.swift */ = {isa = PBXFileReference; fileEncoding = 4; lastKnownFileType = sourcecode.swift; path = JMTimelineCompositeButtonsBlock.swift; sourceTree = "<group>"; };
		FA620AEA26284C0A003CD741 /* JMTimelineCompositePairsBlock.swift */ = {isa = PBXFileReference; fileEncoding = 4; lastKnownFileType = sourcecode.swift; path = JMTimelineCompositePairsBlock.swift; sourceTree = "<group>"; };
		FA620AEB26284C0A003CD741 /* JMTimelineCompositeSpaceBlock.swift */ = {isa = PBXFileReference; fileEncoding = 4; lastKnownFileType = sourcecode.swift; path = JMTimelineCompositeSpaceBlock.swift; sourceTree = "<group>"; };
		FA620AEC26284C0A003CD741 /* JMTimelineCompositeVideoBlock.swift */ = {isa = PBXFileReference; fileEncoding = 4; lastKnownFileType = sourcecode.swift; path = JMTimelineCompositeVideoBlock.swift; sourceTree = "<group>"; };
		FA620AED26284C0A003CD741 /* JMTimelineCompositeCallPlayableBlock.swift */ = {isa = PBXFileReference; fileEncoding = 4; lastKnownFileType = sourcecode.swift; path = JMTimelineCompositeCallPlayableBlock.swift; sourceTree = "<group>"; };
		FA620AEE26284C0A003CD741 /* JMTimelineCompositeHeadingBlock.swift */ = {isa = PBXFileReference; fileEncoding = 4; lastKnownFileType = sourcecode.swift; path = JMTimelineCompositeHeadingBlock.swift; sourceTree = "<group>"; };
		FA620AEF26284C0A003CD741 /* JMTimelineCompositeCallRecordlessBlock.swift */ = {isa = PBXFileReference; fileEncoding = 4; lastKnownFileType = sourcecode.swift; path = JMTimelineCompositeCallRecordlessBlock.swift; sourceTree = "<group>"; };
		FA620AF026284C0A003CD741 /* JMTimelineCompositeRichBlock.swift */ = {isa = PBXFileReference; fileEncoding = 4; lastKnownFileType = sourcecode.swift; path = JMTimelineCompositeRichBlock.swift; sourceTree = "<group>"; };
		FA620AF126284C0A003CD741 /* JMTimelineCompositeLocationBlock.swift */ = {isa = PBXFileReference; fileEncoding = 4; lastKnownFileType = sourcecode.swift; path = JMTimelineCompositeLocationBlock.swift; sourceTree = "<group>"; };
		FA620AF226284C0A003CD741 /* JMTimelineCompositePlainBlock.swift */ = {isa = PBXFileReference; fileEncoding = 4; lastKnownFileType = sourcecode.swift; path = JMTimelineCompositePlainBlock.swift; sourceTree = "<group>"; };
		FA620AF326284C0A003CD741 /* JMTimelineCompositeMediaBlock.swift */ = {isa = PBXFileReference; fileEncoding = 4; lastKnownFileType = sourcecode.swift; path = JMTimelineCompositeMediaBlock.swift; sourceTree = "<group>"; };
		FA620AF526284C0A003CD741 /* JMTimelineOrderCell.swift */ = {isa = PBXFileReference; fileEncoding = 4; lastKnownFileType = sourcecode.swift; path = JMTimelineOrderCell.swift; sourceTree = "<group>"; };
		FA620AF626284C0A003CD741 /* JMTimelineOrderItem.swift */ = {isa = PBXFileReference; fileEncoding = 4; lastKnownFileType = sourcecode.swift; path = JMTimelineOrderItem.swift; sourceTree = "<group>"; };
		FA620AF726284C0A003CD741 /* JMTimelineOrderContent.swift */ = {isa = PBXFileReference; fileEncoding = 4; lastKnownFileType = sourcecode.swift; path = JMTimelineOrderContent.swift; sourceTree = "<group>"; };
		FA620AF826284C0A003CD741 /* JMTimelineCompositeContent.swift */ = {isa = PBXFileReference; fileEncoding = 4; lastKnownFileType = sourcecode.swift; path = JMTimelineCompositeContent.swift; sourceTree = "<group>"; };
		FA620AF926284C0A003CD741 /* JMTimelineMediaPlayerItem.swift */ = {isa = PBXFileReference; fileEncoding = 4; lastKnownFileType = sourcecode.swift; path = JMTimelineMediaPlayerItem.swift; sourceTree = "<group>"; };
		FA620AFB26284C0A003CD741 /* JMTimelinePlainItem.swift */ = {isa = PBXFileReference; fileEncoding = 4; lastKnownFileType = sourcecode.swift; path = JMTimelinePlainItem.swift; sourceTree = "<group>"; };
		FA620AFC26284C0A003CD741 /* JMTimelinePlainCell.swift */ = {isa = PBXFileReference; fileEncoding = 4; lastKnownFileType = sourcecode.swift; path = JMTimelinePlainCell.swift; sourceTree = "<group>"; };
		FA620AFD26284C0A003CD741 /* JMTimelinePlainContent.swift */ = {isa = PBXFileReference; fileEncoding = 4; lastKnownFileType = sourcecode.swift; path = JMTimelinePlainContent.swift; sourceTree = "<group>"; };
		FA620AFF26284C0A003CD741 /* JMTimelineLocationCell.swift */ = {isa = PBXFileReference; fileEncoding = 4; lastKnownFileType = sourcecode.swift; path = JMTimelineLocationCell.swift; sourceTree = "<group>"; };
		FA620B0026284C0A003CD741 /* JMTimelineLocationItem.swift */ = {isa = PBXFileReference; fileEncoding = 4; lastKnownFileType = sourcecode.swift; path = JMTimelineLocationItem.swift; sourceTree = "<group>"; };
		FA620B0126284C0A003CD741 /* JMTimelineLocationContent.swift */ = {isa = PBXFileReference; fileEncoding = 4; lastKnownFileType = sourcecode.swift; path = JMTimelineLocationContent.swift; sourceTree = "<group>"; };
		FA620B0326284C0A003CD741 /* JMTimelinePlayableCallEventContent.swift */ = {isa = PBXFileReference; fileEncoding = 4; lastKnownFileType = sourcecode.swift; path = JMTimelinePlayableCallEventContent.swift; sourceTree = "<group>"; };
		FA620B0426284C0A003CD741 /* JMTimelineCompositeSenderLabel.swift */ = {isa = PBXFileReference; fileEncoding = 4; lastKnownFileType = sourcecode.swift; path = JMTimelineCompositeSenderLabel.swift; sourceTree = "<group>"; };
		FA620B0626284C0A003CD741 /* JMTimelineEmojiCell.swift */ = {isa = PBXFileReference; fileEncoding = 4; lastKnownFileType = sourcecode.swift; path = JMTimelineEmojiCell.swift; sourceTree = "<group>"; };
		FA620B0726284C0A003CD741 /* JMTimelineEmojiItem.swift */ = {isa = PBXFileReference; fileEncoding = 4; lastKnownFileType = sourcecode.swift; path = JMTimelineEmojiItem.swift; sourceTree = "<group>"; };
		FA620B0826284C0A003CD741 /* JMTimelineEmojiContent.swift */ = {isa = PBXFileReference; fileEncoding = 4; lastKnownFileType = sourcecode.swift; path = JMTimelineEmojiContent.swift; sourceTree = "<group>"; };
		FA620B0926284C0A003CD741 /* JMTimelineBlock.swift */ = {isa = PBXFileReference; fileEncoding = 4; lastKnownFileType = sourcecode.swift; path = JMTimelineBlock.swift; sourceTree = "<group>"; };
		FA620B0B26284C0A003CD741 /* JMTimelineObservableSlider.swift */ = {isa = PBXFileReference; fileEncoding = 4; lastKnownFileType = sourcecode.swift; path = JMTimelineObservableSlider.swift; sourceTree = "<group>"; };
		FA620B0D26284C0A003CD741 /* JMTimelineCallItem.swift */ = {isa = PBXFileReference; fileEncoding = 4; lastKnownFileType = sourcecode.swift; path = JMTimelineCallItem.swift; sourceTree = "<group>"; };
		FA620B0F26284C0A003CD741 /* JMTimelinePlayableCallItem.swift */ = {isa = PBXFileReference; fileEncoding = 4; lastKnownFileType = sourcecode.swift; path = JMTimelinePlayableCallItem.swift; sourceTree = "<group>"; };
		FA620B1026284C0A003CD741 /* JMTimelinePlayableCallCell.swift */ = {isa = PBXFileReference; fileEncoding = 4; lastKnownFileType = sourcecode.swift; path = JMTimelinePlayableCallCell.swift; sourceTree = "<group>"; };
		FA620B1126284C0A003CD741 /* JMTimelinePlayableCallContent.swift */ = {isa = PBXFileReference; fileEncoding = 4; lastKnownFileType = sourcecode.swift; path = JMTimelinePlayableCallContent.swift; sourceTree = "<group>"; };
		FA620B1326284C0A003CD741 /* JMTimelineRecordlessCallContent.swift */ = {isa = PBXFileReference; fileEncoding = 4; lastKnownFileType = sourcecode.swift; path = JMTimelineRecordlessCallContent.swift; sourceTree = "<group>"; };
		FA620B1426284C0A003CD741 /* JMTimelineRecordlessCallCell.swift */ = {isa = PBXFileReference; fileEncoding = 4; lastKnownFileType = sourcecode.swift; path = JMTimelineRecordlessCallCell.swift; sourceTree = "<group>"; };
		FA620B1526284C0A003CD741 /* JMTimelineRecordlessCallItem.swift */ = {isa = PBXFileReference; fileEncoding = 4; lastKnownFileType = sourcecode.swift; path = JMTimelineRecordlessCallItem.swift; sourceTree = "<group>"; };
		FA620B1726284C0A003CD741 /* JMTimelineRichContent.swift */ = {isa = PBXFileReference; fileEncoding = 4; lastKnownFileType = sourcecode.swift; path = JMTimelineRichContent.swift; sourceTree = "<group>"; };
		FA620B1826284C0A003CD741 /* JMTimelineRichCell.swift */ = {isa = PBXFileReference; fileEncoding = 4; lastKnownFileType = sourcecode.swift; path = JMTimelineRichCell.swift; sourceTree = "<group>"; };
		FA620B1926284C0A003CD741 /* JMTimelineRichItem.swift */ = {isa = PBXFileReference; fileEncoding = 4; lastKnownFileType = sourcecode.swift; path = JMTimelineRichItem.swift; sourceTree = "<group>"; };
		FA620B1B26284C0A003CD741 /* JMTimelineBotContent.swift */ = {isa = PBXFileReference; fileEncoding = 4; lastKnownFileType = sourcecode.swift; path = JMTimelineBotContent.swift; sourceTree = "<group>"; };
		FA620B1C26284C0A003CD741 /* JMTimelineBotItem.swift */ = {isa = PBXFileReference; fileEncoding = 4; lastKnownFileType = sourcecode.swift; path = JMTimelineBotItem.swift; sourceTree = "<group>"; };
		FA620B1D26284C0A003CD741 /* JMTimelineBotCell.swift */ = {isa = PBXFileReference; fileEncoding = 4; lastKnownFileType = sourcecode.swift; path = JMTimelineBotCell.swift; sourceTree = "<group>"; };
		FA620B1E26284C0A003CD741 /* ChatCompositeCellContentView.swift */ = {isa = PBXFileReference; fileEncoding = 4; lastKnownFileType = sourcecode.swift; path = ChatCompositeCellContentView.swift; sourceTree = "<group>"; };
		FA620B1F26284C0A003CD741 /* JMTimelineCompositeCell.swift */ = {isa = PBXFileReference; fileEncoding = 4; lastKnownFileType = sourcecode.swift; path = JMTimelineCompositeCell.swift; sourceTree = "<group>"; };
		FA620B2126284C0A003CD741 /* JMTimelinePhotoItem.swift */ = {isa = PBXFileReference; fileEncoding = 4; lastKnownFileType = sourcecode.swift; path = JMTimelinePhotoItem.swift; sourceTree = "<group>"; };
		FA620B2226284C0A003CD741 /* JMTimelinePhotoCell.swift */ = {isa = PBXFileReference; fileEncoding = 4; lastKnownFileType = sourcecode.swift; path = JMTimelinePhotoCell.swift; sourceTree = "<group>"; };
		FA620B2326284C0A003CD741 /* JMTimelinePhotoContent.swift */ = {isa = PBXFileReference; fileEncoding = 4; lastKnownFileType = sourcecode.swift; path = JMTimelinePhotoContent.swift; sourceTree = "<group>"; };
		FA620B2526284C0A003CD741 /* JMTimelineEmailContent.swift */ = {isa = PBXFileReference; fileEncoding = 4; lastKnownFileType = sourcecode.swift; path = JMTimelineEmailContent.swift; sourceTree = "<group>"; };
		FA620B2626284C0A003CD741 /* JMTimelineEmailItem.swift */ = {isa = PBXFileReference; fileEncoding = 4; lastKnownFileType = sourcecode.swift; path = JMTimelineEmailItem.swift; sourceTree = "<group>"; };
		FA620B2726284C0A003CD741 /* JMTimelineEmailCell.swift */ = {isa = PBXFileReference; fileEncoding = 4; lastKnownFileType = sourcecode.swift; path = JMTimelineEmailCell.swift; sourceTree = "<group>"; };
		FA620B2826284C0A003CD741 /* JMTimelineMessageItem.swift */ = {isa = PBXFileReference; fileEncoding = 4; lastKnownFileType = sourcecode.swift; path = JMTimelineMessageItem.swift; sourceTree = "<group>"; };
		FA620B2A26284C0A003CD741 /* JMTimelineRecordlessCallEventContent.swift */ = {isa = PBXFileReference; fileEncoding = 4; lastKnownFileType = sourcecode.swift; path = JMTimelineRecordlessCallEventContent.swift; sourceTree = "<group>"; };
		FA620B2C26284C0A003CD741 /* JMTimelineMediaItem.swift */ = {isa = PBXFileReference; fileEncoding = 4; lastKnownFileType = sourcecode.swift; path = JMTimelineMediaItem.swift; sourceTree = "<group>"; };
		FA620B2D26284C0A003CD741 /* JMTimelineMediaContent.swift */ = {isa = PBXFileReference; fileEncoding = 4; lastKnownFileType = sourcecode.swift; path = JMTimelineMediaContent.swift; sourceTree = "<group>"; };
		FA620B2E26284C0A003CD741 /* JMTimelineMediaCell.swift */ = {isa = PBXFileReference; fileEncoding = 4; lastKnownFileType = sourcecode.swift; path = JMTimelineMediaCell.swift; sourceTree = "<group>"; };
		FA620B2F26284C0A003CD741 /* JMTimelineGrouping.swift */ = {isa = PBXFileReference; fileEncoding = 4; lastKnownFileType = sourcecode.swift; path = JMTimelineGrouping.swift; sourceTree = "<group>"; };
		FA620BE026285137003CD741 /* Assets.xcassets */ = {isa = PBXFileReference; lastKnownFileType = folder.assetcatalog; path = Assets.xcassets; sourceTree = "<group>"; };
		FABFCE5626ADD9D1002A3196 /* JMTimelineCompositeTaskBlock.swift */ = {isa = PBXFileReference; fileEncoding = 4; lastKnownFileType = sourcecode.swift; path = JMTimelineCompositeTaskBlock.swift; sourceTree = "<group>"; };
		FABFCE5926ADDAAD002A3196 /* JMTimelineTaskCell.swift */ = {isa = PBXFileReference; fileEncoding = 4; lastKnownFileType = sourcecode.swift; path = JMTimelineTaskCell.swift; sourceTree = "<group>"; };
		FABFCE5A26ADDAAD002A3196 /* JMTimelineTaskContent.swift */ = {isa = PBXFileReference; fileEncoding = 4; lastKnownFileType = sourcecode.swift; path = JMTimelineTaskContent.swift; sourceTree = "<group>"; };
		FABFCE5B26ADDAAD002A3196 /* JMTimelineTaskItem.swift */ = {isa = PBXFileReference; fileEncoding = 4; lastKnownFileType = sourcecode.swift; path = JMTimelineTaskItem.swift; sourceTree = "<group>"; };
/* End PBXFileReference section */

/* Begin PBXFrameworksBuildPhase section */
		FA620A9F26284B67003CD741 /* Frameworks */ = {
			isa = PBXFrameworksBuildPhase;
			buildActionMask = 2147483647;
			files = (
				EC4B680AB7DB3B28298AED77 /* Pods_JMTimelineKit.framework in Frameworks */,
			);
			runOnlyForDeploymentPostprocessing = 0;
		};
/* End PBXFrameworksBuildPhase section */

/* Begin PBXGroup section */
		14DBA0A1C206A1BB7880CD36 /* Frameworks */ = {
			isa = PBXGroup;
			children = (
				50652DE5F7C59A16B2845018 /* Pods_JMTimelineKit.framework */,
			);
			name = Frameworks;
			sourceTree = "<group>";
		};
		2606239A2B502EF44CD83AB4 /* Pods */ = {
			isa = PBXGroup;
			children = (
				726C55D92A03789CD4215B27 /* Pods-JMTimelineKit.debug.xcconfig */,
				47B168CF491BBAF58366011C /* Pods-JMTimelineKit.release.xcconfig */,
			);
			path = Pods;
			sourceTree = "<group>";
		};
		D4C0867427213FCB00472D48 /* Audio */ = {
			isa = PBXGroup;
			children = (
				D4C0867527213FCB00472D48 /* JMTimelineAudioItem.swift */,
				D4C0867627213FCB00472D48 /* JMTimelineAudioContent.swift */,
				D4C0867727213FCB00472D48 /* JMTimelineAudioCell.swift */,
			);
			path = Audio;
			sourceTree = "<group>";
		};
		FA620A9826284B67003CD741 = {
			isa = PBXGroup;
			children = (
				FA620BE026285137003CD741 /* Assets.xcassets */,
				FA620AA426284B67003CD741 /* JMTimelineKit */,
				FA620AA326284B67003CD741 /* Products */,
				2606239A2B502EF44CD83AB4 /* Pods */,
				14DBA0A1C206A1BB7880CD36 /* Frameworks */,
			);
			sourceTree = "<group>";
		};
		FA620AA326284B67003CD741 /* Products */ = {
			isa = PBXGroup;
			children = (
				FA620AA226284B67003CD741 /* JMTimelineKit.framework */,
			);
			name = Products;
			sourceTree = "<group>";
		};
		FA620AA426284B67003CD741 /* JMTimelineKit */ = {
			isa = PBXGroup;
			children = (
				FA620AD526284C09003CD741 /* Base */,
				FA620AE626284C0A003CD741 /* Composite */,
				FA620ACC26284C09003CD741 /* DateHeader */,
				FA620ABB26284C09003CD741 /* Extensions */,
				FA620AC926284C09003CD741 /* JMTimelineCache.swift */,
				FA620AC726284C09003CD741 /* JMTimelineCollectionLayout.swift */,
				FA620ABA26284C09003CD741 /* JMTimelineController.swift */,
				FA620AE426284C0A003CD741 /* JMTimelineDataSource.swift */,
				FA620AC826284C09003CD741 /* JMTimelineFactory.swift */,
				FA620B2F26284C0A003CD741 /* JMTimelineGrouping.swift */,
				FA620ACA26284C09003CD741 /* JMTimelineHistory.swift */,
				FA620AB426284C09003CD741 /* JMTimelineView.h */,
				FA620AE526284C0A003CD741 /* JMTimelineView.swift */,
				FA620ACB26284C09003CD741 /* JMTimelineViewUpdater.swift */,
				FA620AD026284C09003CD741 /* Loader */,
				FA620AAF26284C09003CD741 /* System */,
				FA620AB526284C09003CD741 /* Timepoint */,
			);
			path = JMTimelineKit;
			sourceTree = "<group>";
		};
		FA620AAF26284C09003CD741 /* System */ = {
			isa = PBXGroup;
			children = (
				FA620AB026284C09003CD741 /* JMTimelineSystemButton.swift */,
				FA620AB126284C09003CD741 /* JMTimelineSystemItem.swift */,
				FA620AB226284C09003CD741 /* JMTimelineSystemContent.swift */,
				FA620AB326284C09003CD741 /* JMTimelineSystemCell.swift */,
			);
			path = System;
			sourceTree = "<group>";
		};
		FA620AB526284C09003CD741 /* Timepoint */ = {
			isa = PBXGroup;
			children = (
				FA620AB626284C09003CD741 /* JMTimelineTimepointContent.swift */,
				FA620AB726284C09003CD741 /* JMTimelineTimepointLabel.swift */,
				FA620AB826284C09003CD741 /* JMTimelineTimepointItem.swift */,
				FA620AB926284C09003CD741 /* JMTimelineTimepointCell.swift */,
			);
			path = Timepoint;
			sourceTree = "<group>";
		};
		FA620ABB26284C09003CD741 /* Extensions */ = {
			isa = PBXGroup;
			children = (
				FA620ABC26284C09003CD741 /* CGRectExtensions.swift */,
				FA620ABD26284C09003CD741 /* UIEdgeInsetsExtensions.swift */,
				FA620ABE26284C09003CD741 /* CGSizeExtensions.swift */,
				FA620ABF26284C09003CD741 /* CGAffineTransformExtensions.swift */,
				FA620AC026284C09003CD741 /* JMComplexAvatarViewExtensions.swift */,
				FA620AC126284C09003CD741 /* StringExtensions.swift */,
				FA620AC226284C09003CD741 /* UITraitCollectionExtensions.swift */,
				FA620AC326284C09003CD741 /* UIImageExtensions.swift */,
				FA620AC426284C09003CD741 /* UIViewExtensions.swift */,
				FA620AC526284C09003CD741 /* DateExtensions.swift */,
				FA620AC626284C09003CD741 /* UILabelExtensions.swift */,
			);
			path = Extensions;
			sourceTree = "<group>";
		};
		FA620ACC26284C09003CD741 /* DateHeader */ = {
			isa = PBXGroup;
			children = (
				FA620ACD26284C09003CD741 /* JMTimelineDateHeaderContent.swift */,
				FA620ACE26284C09003CD741 /* JMTimelineDateHeaderView.swift */,
				FA620ACF26284C09003CD741 /* JMTimelineDateItem.swift */,
			);
			path = DateHeader;
			sourceTree = "<group>";
		};
		FA620AD026284C09003CD741 /* Loader */ = {
			isa = PBXGroup;
			children = (
				FA620AD126284C09003CD741 /* JMTimelineLoaderCell.swift */,
				FA620AD226284C09003CD741 /* JMTimelineLoaderItem.swift */,
				FA620AD326284C09003CD741 /* JMTimelineLoaderContent.swift */,
			);
			path = Loader;
			sourceTree = "<group>";
		};
		FA620AD526284C09003CD741 /* Base */ = {
			isa = PBXGroup;
			children = (
				FA620AD626284C09003CD741 /* JMTimelineObject.swift */,
				FA620AD726284C09003CD741 /* JMTimelineHeaderView.swift */,
				FA620AD826284C09003CD741 /* JMTimelineDeliveryView.swift */,
				FA620AD926284C09003CD741 /* JMTimelineContent.swift */,
				FA620ADA26284C09003CD741 /* JMTimelineContainerReactionControl.swift */,
				FA620ADB26284C09003CD741 /* JMTimelineContainer.swift */,
				FA620ADC26284C09003CD741 /* JMTimelineStyle.swift */,
				FA620ADD26284C09003CD741 /* JMTimelineItemInteractiveID.swift */,
				FA620ADE26284C09003CD741 /* JMTimelineItem.swift */,
				FA620ADF26284C0A003CD741 /* JMTimelineContainerFooter.swift */,
				FA620AE026284C0A003CD741 /* JMTimelineEventCell.swift */,
				FA620AE126284C0A003CD741 /* JMTimelineProvider.swift */,
				FA620AE226284C0A003CD741 /* JMTimelineLinkable.swift */,
				FA620AE326284C0A003CD741 /* JMTimelineInteractor.swift */,
			);
			path = Base;
			sourceTree = "<group>";
		};
		FA620AE626284C0A003CD741 /* Composite */ = {
			isa = PBXGroup;
			children = (
				FABFCE5826ADDAAD002A3196 /* Task */,
				FA620AE726284C0A003CD741 /* Blocks */,
				FA620AF426284C0A003CD741 /* Order */,
				FA620AF826284C0A003CD741 /* JMTimelineCompositeContent.swift */,
				FA620AF926284C0A003CD741 /* JMTimelineMediaPlayerItem.swift */,
				FA620AFA26284C0A003CD741 /* Plain */,
				FA620AFE26284C0A003CD741 /* Location */,
				FA620B0226284C0A003CD741 /* JMTimelinePlayableCallEvent */,
				FA620B0426284C0A003CD741 /* JMTimelineCompositeSenderLabel.swift */,
				FA620B0526284C0A003CD741 /* Emoji */,
				FA620B0926284C0A003CD741 /* JMTimelineBlock.swift */,
				FA620B0A26284C0A003CD741 /* Controls */,
				FA620B0C26284C0A003CD741 /* Call */,
				FA620B1626284C0A003CD741 /* Rich */,
				FA620B1A26284C0A003CD741 /* Bot */,
				FA620B1E26284C0A003CD741 /* ChatCompositeCellContentView.swift */,
				FA620B1F26284C0A003CD741 /* JMTimelineCompositeCell.swift */,
				FA620B2026284C0A003CD741 /* Photo */,
				FA620B2426284C0A003CD741 /* Email */,
				FA620B2826284C0A003CD741 /* JMTimelineMessageItem.swift */,
				FA620B2926284C0A003CD741 /* JMTimelineRecordlessCallEvent */,
				FA620B2B26284C0A003CD741 /* Media */,
				D4C0867427213FCB00472D48 /* Audio */,
			);
			path = Composite;
			sourceTree = "<group>";
		};
		FA620AE726284C0A003CD741 /* Blocks */ = {
			isa = PBXGroup;
			children = (
				FABFCE5626ADD9D1002A3196 /* JMTimelineCompositeTaskBlock.swift */,
				FA620AE826284C0A003CD741 /* JMTimelineCompositePhotoBlock.swift */,
				FA620AE926284C0A003CD741 /* JMTimelineCompositeButtonsBlock.swift */,
				FA620AEA26284C0A003CD741 /* JMTimelineCompositePairsBlock.swift */,
				FA620AEB26284C0A003CD741 /* JMTimelineCompositeSpaceBlock.swift */,
				FA620AEC26284C0A003CD741 /* JMTimelineCompositeVideoBlock.swift */,
				FA620AED26284C0A003CD741 /* JMTimelineCompositeCallPlayableBlock.swift */,
				D4C0867227213F1D00472D48 /* JMTimelineCompositeAudioBlock.swift */,
				FA620AEE26284C0A003CD741 /* JMTimelineCompositeHeadingBlock.swift */,
				FA620AEF26284C0A003CD741 /* JMTimelineCompositeCallRecordlessBlock.swift */,
				FA620AF026284C0A003CD741 /* JMTimelineCompositeRichBlock.swift */,
				FA620AF126284C0A003CD741 /* JMTimelineCompositeLocationBlock.swift */,
				FA620AF226284C0A003CD741 /* JMTimelineCompositePlainBlock.swift */,
				FA620AF326284C0A003CD741 /* JMTimelineCompositeMediaBlock.swift */,
			);
			path = Blocks;
			sourceTree = "<group>";
		};
		FA620AF426284C0A003CD741 /* Order */ = {
			isa = PBXGroup;
			children = (
				FA620AF526284C0A003CD741 /* JMTimelineOrderCell.swift */,
				FA620AF626284C0A003CD741 /* JMTimelineOrderItem.swift */,
				FA620AF726284C0A003CD741 /* JMTimelineOrderContent.swift */,
			);
			path = Order;
			sourceTree = "<group>";
		};
		FA620AFA26284C0A003CD741 /* Plain */ = {
			isa = PBXGroup;
			children = (
				FA620AFB26284C0A003CD741 /* JMTimelinePlainItem.swift */,
				FA620AFC26284C0A003CD741 /* JMTimelinePlainCell.swift */,
				FA620AFD26284C0A003CD741 /* JMTimelinePlainContent.swift */,
			);
			path = Plain;
			sourceTree = "<group>";
		};
		FA620AFE26284C0A003CD741 /* Location */ = {
			isa = PBXGroup;
			children = (
				FA620AFF26284C0A003CD741 /* JMTimelineLocationCell.swift */,
				FA620B0026284C0A003CD741 /* JMTimelineLocationItem.swift */,
				FA620B0126284C0A003CD741 /* JMTimelineLocationContent.swift */,
			);
			path = Location;
			sourceTree = "<group>";
		};
		FA620B0226284C0A003CD741 /* JMTimelinePlayableCallEvent */ = {
			isa = PBXGroup;
			children = (
				FA620B0326284C0A003CD741 /* JMTimelinePlayableCallEventContent.swift */,
			);
			path = JMTimelinePlayableCallEvent;
			sourceTree = "<group>";
		};
		FA620B0526284C0A003CD741 /* Emoji */ = {
			isa = PBXGroup;
			children = (
				FA620B0626284C0A003CD741 /* JMTimelineEmojiCell.swift */,
				FA620B0726284C0A003CD741 /* JMTimelineEmojiItem.swift */,
				FA620B0826284C0A003CD741 /* JMTimelineEmojiContent.swift */,
			);
			path = Emoji;
			sourceTree = "<group>";
		};
		FA620B0A26284C0A003CD741 /* Controls */ = {
			isa = PBXGroup;
			children = (
				FA620B0B26284C0A003CD741 /* JMTimelineObservableSlider.swift */,
			);
			path = Controls;
			sourceTree = "<group>";
		};
		FA620B0C26284C0A003CD741 /* Call */ = {
			isa = PBXGroup;
			children = (
				FA620B0D26284C0A003CD741 /* JMTimelineCallItem.swift */,
				FA620B0E26284C0A003CD741 /* PlayableCall */,
				FA620B1226284C0A003CD741 /* RecordlessCall */,
			);
			path = Call;
			sourceTree = "<group>";
		};
		FA620B0E26284C0A003CD741 /* PlayableCall */ = {
			isa = PBXGroup;
			children = (
				FA620B0F26284C0A003CD741 /* JMTimelinePlayableCallItem.swift */,
				FA620B1026284C0A003CD741 /* JMTimelinePlayableCallCell.swift */,
				FA620B1126284C0A003CD741 /* JMTimelinePlayableCallContent.swift */,
			);
			path = PlayableCall;
			sourceTree = "<group>";
		};
		FA620B1226284C0A003CD741 /* RecordlessCall */ = {
			isa = PBXGroup;
			children = (
				FA620B1326284C0A003CD741 /* JMTimelineRecordlessCallContent.swift */,
				FA620B1426284C0A003CD741 /* JMTimelineRecordlessCallCell.swift */,
				FA620B1526284C0A003CD741 /* JMTimelineRecordlessCallItem.swift */,
			);
			path = RecordlessCall;
			sourceTree = "<group>";
		};
		FA620B1626284C0A003CD741 /* Rich */ = {
			isa = PBXGroup;
			children = (
				FA620B1726284C0A003CD741 /* JMTimelineRichContent.swift */,
				FA620B1826284C0A003CD741 /* JMTimelineRichCell.swift */,
				FA620B1926284C0A003CD741 /* JMTimelineRichItem.swift */,
			);
			path = Rich;
			sourceTree = "<group>";
		};
		FA620B1A26284C0A003CD741 /* Bot */ = {
			isa = PBXGroup;
			children = (
				FA620B1B26284C0A003CD741 /* JMTimelineBotContent.swift */,
				FA620B1C26284C0A003CD741 /* JMTimelineBotItem.swift */,
				FA620B1D26284C0A003CD741 /* JMTimelineBotCell.swift */,
			);
			path = Bot;
			sourceTree = "<group>";
		};
		FA620B2026284C0A003CD741 /* Photo */ = {
			isa = PBXGroup;
			children = (
				FA620B2126284C0A003CD741 /* JMTimelinePhotoItem.swift */,
				FA620B2226284C0A003CD741 /* JMTimelinePhotoCell.swift */,
				FA620B2326284C0A003CD741 /* JMTimelinePhotoContent.swift */,
			);
			path = Photo;
			sourceTree = "<group>";
		};
		FA620B2426284C0A003CD741 /* Email */ = {
			isa = PBXGroup;
			children = (
				FA620B2526284C0A003CD741 /* JMTimelineEmailContent.swift */,
				FA620B2626284C0A003CD741 /* JMTimelineEmailItem.swift */,
				FA620B2726284C0A003CD741 /* JMTimelineEmailCell.swift */,
			);
			path = Email;
			sourceTree = "<group>";
		};
		FA620B2926284C0A003CD741 /* JMTimelineRecordlessCallEvent */ = {
			isa = PBXGroup;
			children = (
				FA620B2A26284C0A003CD741 /* JMTimelineRecordlessCallEventContent.swift */,
			);
			path = JMTimelineRecordlessCallEvent;
			sourceTree = "<group>";
		};
		FA620B2B26284C0A003CD741 /* Media */ = {
			isa = PBXGroup;
			children = (
				FA620B2C26284C0A003CD741 /* JMTimelineMediaItem.swift */,
				FA620B2D26284C0A003CD741 /* JMTimelineMediaContent.swift */,
				FA620B2E26284C0A003CD741 /* JMTimelineMediaCell.swift */,
			);
			path = Media;
			sourceTree = "<group>";
		};
		FABFCE5826ADDAAD002A3196 /* Task */ = {
			isa = PBXGroup;
			children = (
				FABFCE5926ADDAAD002A3196 /* JMTimelineTaskCell.swift */,
				FABFCE5A26ADDAAD002A3196 /* JMTimelineTaskContent.swift */,
				FABFCE5B26ADDAAD002A3196 /* JMTimelineTaskItem.swift */,
			);
			path = Task;
			sourceTree = "<group>";
		};
/* End PBXGroup section */

/* Begin PBXHeadersBuildPhase section */
		FA620A9D26284B67003CD741 /* Headers */ = {
			isa = PBXHeadersBuildPhase;
			buildActionMask = 2147483647;
			files = (
				FA620B3426284C0A003CD741 /* JMTimelineView.h in Headers */,
			);
			runOnlyForDeploymentPostprocessing = 0;
		};
/* End PBXHeadersBuildPhase section */

/* Begin PBXNativeTarget section */
		FA620AA126284B67003CD741 /* JMTimelineKit */ = {
			isa = PBXNativeTarget;
			buildConfigurationList = FA620AAA26284B67003CD741 /* Build configuration list for PBXNativeTarget "JMTimelineKit" */;
			buildPhases = (
				1F9954B87AE57D61A0D30D9F /* [CP] Check Pods Manifest.lock */,
				FA620A9D26284B67003CD741 /* Headers */,
				FA620A9E26284B67003CD741 /* Sources */,
				FA620A9F26284B67003CD741 /* Frameworks */,
				FA620AA026284B67003CD741 /* Resources */,
			);
			buildRules = (
			);
			dependencies = (
			);
			name = JMTimelineKit;
			productName = JMTimelineKit;
			productReference = FA620AA226284B67003CD741 /* JMTimelineKit.framework */;
			productType = "com.apple.product-type.framework";
		};
/* End PBXNativeTarget section */

/* Begin PBXProject section */
		FA620A9926284B67003CD741 /* Project object */ = {
			isa = PBXProject;
			attributes = {
				LastUpgradeCheck = 1240;
				TargetAttributes = {
					FA620AA126284B67003CD741 = {
						CreatedOnToolsVersion = 12.4;
						LastSwiftMigration = 1240;
					};
				};
			};
			buildConfigurationList = FA620A9C26284B67003CD741 /* Build configuration list for PBXProject "JMTimelineKit" */;
			compatibilityVersion = "Xcode 9.3";
			developmentRegion = en;
			hasScannedForEncodings = 0;
			knownRegions = (
				en,
				Base,
			);
			mainGroup = FA620A9826284B67003CD741;
			productRefGroup = FA620AA326284B67003CD741 /* Products */;
			projectDirPath = "";
			projectRoot = "";
			targets = (
				FA620AA126284B67003CD741 /* JMTimelineKit */,
			);
		};
/* End PBXProject section */

/* Begin PBXResourcesBuildPhase section */
		FA620AA026284B67003CD741 /* Resources */ = {
			isa = PBXResourcesBuildPhase;
			buildActionMask = 2147483647;
			files = (
				FA620BE126285137003CD741 /* Assets.xcassets in Resources */,
			);
			runOnlyForDeploymentPostprocessing = 0;
		};
/* End PBXResourcesBuildPhase section */

/* Begin PBXShellScriptBuildPhase section */
		1F9954B87AE57D61A0D30D9F /* [CP] Check Pods Manifest.lock */ = {
			isa = PBXShellScriptBuildPhase;
			buildActionMask = 2147483647;
			files = (
			);
			inputFileListPaths = (
			);
			inputPaths = (
				"${PODS_PODFILE_DIR_PATH}/Podfile.lock",
				"${PODS_ROOT}/Manifest.lock",
			);
			name = "[CP] Check Pods Manifest.lock";
			outputFileListPaths = (
			);
			outputPaths = (
				"$(DERIVED_FILE_DIR)/Pods-JMTimelineKit-checkManifestLockResult.txt",
			);
			runOnlyForDeploymentPostprocessing = 0;
			shellPath = /bin/sh;
			shellScript = "diff \"${PODS_PODFILE_DIR_PATH}/Podfile.lock\" \"${PODS_ROOT}/Manifest.lock\" > /dev/null\nif [ $? != 0 ] ; then\n    # print error to STDERR\n    echo \"error: The sandbox is not in sync with the Podfile.lock. Run 'pod install' or update your CocoaPods installation.\" >&2\n    exit 1\nfi\n# This output is used by Xcode 'outputs' to avoid re-running this script phase.\necho \"SUCCESS\" > \"${SCRIPT_OUTPUT_FILE_0}\"\n";
			showEnvVarsInLog = 0;
		};
/* End PBXShellScriptBuildPhase section */

/* Begin PBXSourcesBuildPhase section */
		FA620A9E26284B67003CD741 /* Sources */ = {
			isa = PBXSourcesBuildPhase;
			buildActionMask = 2147483647;
			files = (
				D4C0867327213F1D00472D48 /* JMTimelineCompositeAudioBlock.swift in Sources */,
				FA620B3926284C0A003CD741 /* JMTimelineController.swift in Sources */,
				FA620B8F26284C0B003CD741 /* JMTimelinePhotoCell.swift in Sources */,
				FA620B6526284C0A003CD741 /* JMTimelineCompositeVideoBlock.swift in Sources */,
				FA620B6F26284C0A003CD741 /* JMTimelineOrderContent.swift in Sources */,
				FA620B8026284C0A003CD741 /* JMTimelinePlayableCallItem.swift in Sources */,
				FA620B4B26284C0A003CD741 /* JMTimelineDateHeaderView.swift in Sources */,
				FA620B3D26284C0A003CD741 /* CGAffineTransformExtensions.swift in Sources */,
				FA620B9626284C0B003CD741 /* JMTimelineMediaItem.swift in Sources */,
				FA620B5D26284C0A003CD741 /* JMTimelineLinkable.swift in Sources */,
				FA620B6126284C0A003CD741 /* JMTimelineCompositePhotoBlock.swift in Sources */,
				FA620B3526284C0A003CD741 /* JMTimelineTimepointContent.swift in Sources */,
				FA620B7E26284C0A003CD741 /* JMTimelineObservableSlider.swift in Sources */,
				FA620B6026284C0A003CD741 /* JMTimelineView.swift in Sources */,
				FA620B7626284C0A003CD741 /* JMTimelineLocationItem.swift in Sources */,
				FA620B8E26284C0B003CD741 /* JMTimelinePhotoItem.swift in Sources */,
				FA620B7726284C0A003CD741 /* JMTimelineLocationContent.swift in Sources */,
				FA620B8326284C0B003CD741 /* JMTimelineRecordlessCallContent.swift in Sources */,
				FA620B3326284C0A003CD741 /* JMTimelineSystemCell.swift in Sources */,
				FA620B8126284C0B003CD741 /* JMTimelinePlayableCallCell.swift in Sources */,
				FA620B3626284C0A003CD741 /* JMTimelineTimepointLabel.swift in Sources */,
				FABFCE5C26ADDAAD002A3196 /* JMTimelineTaskCell.swift in Sources */,
				FA620B5226284C0A003CD741 /* JMTimelineHeaderView.swift in Sources */,
				FA620B4C26284C0A003CD741 /* JMTimelineDateItem.swift in Sources */,
				FA620B6A26284C0A003CD741 /* JMTimelineCompositeLocationBlock.swift in Sources */,
				FA620B4526284C0A003CD741 /* JMTimelineCollectionLayout.swift in Sources */,
				FA620B8B26284C0B003CD741 /* JMTimelineBotCell.swift in Sources */,
				D4C0867A27213FCB00472D48 /* JMTimelineAudioCell.swift in Sources */,
				FA620B3226284C0A003CD741 /* JMTimelineSystemContent.swift in Sources */,
				FA620B6326284C0A003CD741 /* JMTimelineCompositePairsBlock.swift in Sources */,
				FA620B7C26284C0A003CD741 /* JMTimelineEmojiContent.swift in Sources */,
				FA620B9326284C0B003CD741 /* JMTimelineEmailCell.swift in Sources */,
				FA620B9226284C0B003CD741 /* JMTimelineEmailItem.swift in Sources */,
				FA620B5326284C0A003CD741 /* JMTimelineDeliveryView.swift in Sources */,
				FA620B4326284C0A003CD741 /* DateExtensions.swift in Sources */,
				FA620B3026284C0A003CD741 /* JMTimelineSystemButton.swift in Sources */,
				FA620B6826284C0A003CD741 /* JMTimelineCompositeCallRecordlessBlock.swift in Sources */,
				FA620B3126284C0A003CD741 /* JMTimelineSystemItem.swift in Sources */,
				FA620B5E26284C0A003CD741 /* JMTimelineInteractor.swift in Sources */,
				FA620B6426284C0A003CD741 /* JMTimelineCompositeSpaceBlock.swift in Sources */,
				FA620B6E26284C0A003CD741 /* JMTimelineOrderItem.swift in Sources */,
				FA620B4626284C0A003CD741 /* JMTimelineFactory.swift in Sources */,
				FA620B5626284C0A003CD741 /* JMTimelineContainer.swift in Sources */,
				FA620B3B26284C0A003CD741 /* UIEdgeInsetsExtensions.swift in Sources */,
				FA620B9426284C0B003CD741 /* JMTimelineMessageItem.swift in Sources */,
				FA620B7A26284C0A003CD741 /* JMTimelineEmojiCell.swift in Sources */,
				FA620B9926284C0B003CD741 /* JMTimelineGrouping.swift in Sources */,
				FA620B9126284C0B003CD741 /* JMTimelineEmailContent.swift in Sources */,
				FA620B8826284C0B003CD741 /* JMTimelineRichItem.swift in Sources */,
				FABFCE5726ADD9D1002A3196 /* JMTimelineCompositeTaskBlock.swift in Sources */,
				FA620B8226284C0B003CD741 /* JMTimelinePlayableCallContent.swift in Sources */,
				FA620B5C26284C0A003CD741 /* JMTimelineProvider.swift in Sources */,
				FA620B4F26284C0A003CD741 /* JMTimelineLoaderContent.swift in Sources */,
				FA620B7326284C0A003CD741 /* JMTimelinePlainCell.swift in Sources */,
				FA620B8526284C0B003CD741 /* JMTimelineRecordlessCallItem.swift in Sources */,
				FA620B6926284C0A003CD741 /* JMTimelineCompositeRichBlock.swift in Sources */,
				FA620B3A26284C0A003CD741 /* CGRectExtensions.swift in Sources */,
				FA620B4E26284C0A003CD741 /* JMTimelineLoaderItem.swift in Sources */,
				FA620B5926284C0A003CD741 /* JMTimelineItem.swift in Sources */,
				FA620B3726284C0A003CD741 /* JMTimelineTimepointItem.swift in Sources */,
				FA620B9726284C0B003CD741 /* JMTimelineMediaContent.swift in Sources */,
				FA620B5426284C0A003CD741 /* JMTimelineContent.swift in Sources */,
				FA620B7126284C0A003CD741 /* JMTimelineMediaPlayerItem.swift in Sources */,
				FABFCE5D26ADDAAD002A3196 /* JMTimelineTaskContent.swift in Sources */,
				FA620B6B26284C0A003CD741 /* JMTimelineCompositePlainBlock.swift in Sources */,
				FA620B9026284C0B003CD741 /* JMTimelinePhotoContent.swift in Sources */,
				FA620B7026284C0A003CD741 /* JMTimelineCompositeContent.swift in Sources */,
				FA620B6226284C0A003CD741 /* JMTimelineCompositeButtonsBlock.swift in Sources */,
				FA620B8A26284C0B003CD741 /* JMTimelineBotItem.swift in Sources */,
				FA620B4926284C0A003CD741 /* JMTimelineViewUpdater.swift in Sources */,
				FA620B4426284C0A003CD741 /* UILabelExtensions.swift in Sources */,
				FA620B4A26284C0A003CD741 /* JMTimelineDateHeaderContent.swift in Sources */,
				FA620B3C26284C0A003CD741 /* CGSizeExtensions.swift in Sources */,
				FA620B8726284C0B003CD741 /* JMTimelineRichCell.swift in Sources */,
				FA620B8626284C0B003CD741 /* JMTimelineRichContent.swift in Sources */,
				FA620B5126284C0A003CD741 /* JMTimelineObject.swift in Sources */,
				D4C0867827213FCB00472D48 /* JMTimelineAudioItem.swift in Sources */,
				FA620B7426284C0A003CD741 /* JMTimelinePlainContent.swift in Sources */,
				FA620B7926284C0A003CD741 /* JMTimelineCompositeSenderLabel.swift in Sources */,
				FA620B5B26284C0A003CD741 /* JMTimelineEventCell.swift in Sources */,
				FA620B7226284C0A003CD741 /* JMTimelinePlainItem.swift in Sources */,
				D4C0867927213FCB00472D48 /* JMTimelineAudioContent.swift in Sources */,
				FA620B6D26284C0A003CD741 /* JMTimelineOrderCell.swift in Sources */,
				FA620B6C26284C0A003CD741 /* JMTimelineCompositeMediaBlock.swift in Sources */,
				FA620B4726284C0A003CD741 /* JMTimelineCache.swift in Sources */,
				FA620B3F26284C0A003CD741 /* StringExtensions.swift in Sources */,
				FA620B4826284C0A003CD741 /* JMTimelineHistory.swift in Sources */,
				FA620B7F26284C0A003CD741 /* JMTimelineCallItem.swift in Sources */,
				FA620B3826284C0A003CD741 /* JMTimelineTimepointCell.swift in Sources */,
				FA620B9826284C0B003CD741 /* JMTimelineMediaCell.swift in Sources */,
				FA620B7B26284C0A003CD741 /* JMTimelineEmojiItem.swift in Sources */,
				FA620B5726284C0A003CD741 /* JMTimelineStyle.swift in Sources */,
				FA620B5526284C0A003CD741 /* JMTimelineContainerReactionControl.swift in Sources */,
				FA620B8426284C0B003CD741 /* JMTimelineRecordlessCallCell.swift in Sources */,
				FA620B4D26284C0A003CD741 /* JMTimelineLoaderCell.swift in Sources */,
				FA620B7526284C0A003CD741 /* JMTimelineLocationCell.swift in Sources */,
				FA620B4026284C0A003CD741 /* UITraitCollectionExtensions.swift in Sources */,
				FABFCE5E26ADDAAD002A3196 /* JMTimelineTaskItem.swift in Sources */,
				FA620B3E26284C0A003CD741 /* JMComplexAvatarViewExtensions.swift in Sources */,
				FA620B6626284C0A003CD741 /* JMTimelineCompositeCallPlayableBlock.swift in Sources */,
				FA620B7D26284C0A003CD741 /* JMTimelineBlock.swift in Sources */,
				FA620B6726284C0A003CD741 /* JMTimelineCompositeHeadingBlock.swift in Sources */,
				FA620B4226284C0A003CD741 /* UIViewExtensions.swift in Sources */,
				FA620B8926284C0B003CD741 /* JMTimelineBotContent.swift in Sources */,
				FA620B5A26284C0A003CD741 /* JMTimelineContainerFooter.swift in Sources */,
				FA620B5826284C0A003CD741 /* JMTimelineItemInteractiveID.swift in Sources */,
				FA620B8D26284C0B003CD741 /* JMTimelineCompositeCell.swift in Sources */,
				FA620B5F26284C0A003CD741 /* JMTimelineDataSource.swift in Sources */,
				FA620B4126284C0A003CD741 /* UIImageExtensions.swift in Sources */,
			);
			runOnlyForDeploymentPostprocessing = 0;
		};
/* End PBXSourcesBuildPhase section */

/* Begin XCBuildConfiguration section */
		FA620AA826284B67003CD741 /* Debug */ = {
			isa = XCBuildConfiguration;
			buildSettings = {
				ALWAYS_SEARCH_USER_PATHS = NO;
				CLANG_ANALYZER_NONNULL = YES;
				CLANG_ANALYZER_NUMBER_OBJECT_CONVERSION = YES_AGGRESSIVE;
				CLANG_CXX_LANGUAGE_STANDARD = "gnu++14";
				CLANG_CXX_LIBRARY = "libc++";
				CLANG_ENABLE_MODULES = YES;
				CLANG_ENABLE_OBJC_ARC = YES;
				CLANG_ENABLE_OBJC_WEAK = YES;
				CLANG_WARN_BLOCK_CAPTURE_AUTORELEASING = YES;
				CLANG_WARN_BOOL_CONVERSION = YES;
				CLANG_WARN_COMMA = YES;
				CLANG_WARN_CONSTANT_CONVERSION = YES;
				CLANG_WARN_DEPRECATED_OBJC_IMPLEMENTATIONS = YES;
				CLANG_WARN_DIRECT_OBJC_ISA_USAGE = YES_ERROR;
				CLANG_WARN_DOCUMENTATION_COMMENTS = YES;
				CLANG_WARN_EMPTY_BODY = YES;
				CLANG_WARN_ENUM_CONVERSION = YES;
				CLANG_WARN_INFINITE_RECURSION = YES;
				CLANG_WARN_INT_CONVERSION = YES;
				CLANG_WARN_NON_LITERAL_NULL_CONVERSION = YES;
				CLANG_WARN_OBJC_IMPLICIT_RETAIN_SELF = YES;
				CLANG_WARN_OBJC_LITERAL_CONVERSION = YES;
				CLANG_WARN_OBJC_ROOT_CLASS = YES_ERROR;
				CLANG_WARN_QUOTED_INCLUDE_IN_FRAMEWORK_HEADER = YES;
				CLANG_WARN_RANGE_LOOP_ANALYSIS = YES;
				CLANG_WARN_STRICT_PROTOTYPES = YES;
				CLANG_WARN_SUSPICIOUS_MOVE = YES;
				CLANG_WARN_UNGUARDED_AVAILABILITY = YES_AGGRESSIVE;
				CLANG_WARN_UNREACHABLE_CODE = YES;
				CLANG_WARN__DUPLICATE_METHOD_MATCH = YES;
				COPY_PHASE_STRIP = NO;
				CURRENT_PROJECT_VERSION = 1;
				DEBUG_INFORMATION_FORMAT = dwarf;
				ENABLE_STRICT_OBJC_MSGSEND = YES;
				ENABLE_TESTABILITY = YES;
				GCC_C_LANGUAGE_STANDARD = gnu11;
				GCC_DYNAMIC_NO_PIC = NO;
				GCC_NO_COMMON_BLOCKS = YES;
				GCC_OPTIMIZATION_LEVEL = 0;
				GCC_PREPROCESSOR_DEFINITIONS = (
					"DEBUG=1",
					"$(inherited)",
				);
				GCC_WARN_64_TO_32_BIT_CONVERSION = YES;
				GCC_WARN_ABOUT_RETURN_TYPE = YES_ERROR;
				GCC_WARN_UNDECLARED_SELECTOR = YES;
				GCC_WARN_UNINITIALIZED_AUTOS = YES_AGGRESSIVE;
				GCC_WARN_UNUSED_FUNCTION = YES;
				GCC_WARN_UNUSED_VARIABLE = YES;
				IPHONEOS_DEPLOYMENT_TARGET = 14.4;
				MTL_ENABLE_DEBUG_INFO = INCLUDE_SOURCE;
				MTL_FAST_MATH = YES;
				ONLY_ACTIVE_ARCH = YES;
				SDKROOT = iphoneos;
				SWIFT_ACTIVE_COMPILATION_CONDITIONS = DEBUG;
				SWIFT_OPTIMIZATION_LEVEL = "-Onone";
				VERSIONING_SYSTEM = "apple-generic";
				VERSION_INFO_PREFIX = "";
			};
			name = Debug;
		};
		FA620AA926284B67003CD741 /* Release */ = {
			isa = XCBuildConfiguration;
			buildSettings = {
				ALWAYS_SEARCH_USER_PATHS = NO;
				CLANG_ANALYZER_NONNULL = YES;
				CLANG_ANALYZER_NUMBER_OBJECT_CONVERSION = YES_AGGRESSIVE;
				CLANG_CXX_LANGUAGE_STANDARD = "gnu++14";
				CLANG_CXX_LIBRARY = "libc++";
				CLANG_ENABLE_MODULES = YES;
				CLANG_ENABLE_OBJC_ARC = YES;
				CLANG_ENABLE_OBJC_WEAK = YES;
				CLANG_WARN_BLOCK_CAPTURE_AUTORELEASING = YES;
				CLANG_WARN_BOOL_CONVERSION = YES;
				CLANG_WARN_COMMA = YES;
				CLANG_WARN_CONSTANT_CONVERSION = YES;
				CLANG_WARN_DEPRECATED_OBJC_IMPLEMENTATIONS = YES;
				CLANG_WARN_DIRECT_OBJC_ISA_USAGE = YES_ERROR;
				CLANG_WARN_DOCUMENTATION_COMMENTS = YES;
				CLANG_WARN_EMPTY_BODY = YES;
				CLANG_WARN_ENUM_CONVERSION = YES;
				CLANG_WARN_INFINITE_RECURSION = YES;
				CLANG_WARN_INT_CONVERSION = YES;
				CLANG_WARN_NON_LITERAL_NULL_CONVERSION = YES;
				CLANG_WARN_OBJC_IMPLICIT_RETAIN_SELF = YES;
				CLANG_WARN_OBJC_LITERAL_CONVERSION = YES;
				CLANG_WARN_OBJC_ROOT_CLASS = YES_ERROR;
				CLANG_WARN_QUOTED_INCLUDE_IN_FRAMEWORK_HEADER = YES;
				CLANG_WARN_RANGE_LOOP_ANALYSIS = YES;
				CLANG_WARN_STRICT_PROTOTYPES = YES;
				CLANG_WARN_SUSPICIOUS_MOVE = YES;
				CLANG_WARN_UNGUARDED_AVAILABILITY = YES_AGGRESSIVE;
				CLANG_WARN_UNREACHABLE_CODE = YES;
				CLANG_WARN__DUPLICATE_METHOD_MATCH = YES;
				COPY_PHASE_STRIP = NO;
				CURRENT_PROJECT_VERSION = 1;
				DEBUG_INFORMATION_FORMAT = "dwarf-with-dsym";
				ENABLE_NS_ASSERTIONS = NO;
				ENABLE_STRICT_OBJC_MSGSEND = YES;
				GCC_C_LANGUAGE_STANDARD = gnu11;
				GCC_NO_COMMON_BLOCKS = YES;
				GCC_WARN_64_TO_32_BIT_CONVERSION = YES;
				GCC_WARN_ABOUT_RETURN_TYPE = YES_ERROR;
				GCC_WARN_UNDECLARED_SELECTOR = YES;
				GCC_WARN_UNINITIALIZED_AUTOS = YES_AGGRESSIVE;
				GCC_WARN_UNUSED_FUNCTION = YES;
				GCC_WARN_UNUSED_VARIABLE = YES;
				IPHONEOS_DEPLOYMENT_TARGET = 14.4;
				MTL_ENABLE_DEBUG_INFO = NO;
				MTL_FAST_MATH = YES;
				SDKROOT = iphoneos;
				SWIFT_COMPILATION_MODE = wholemodule;
				SWIFT_OPTIMIZATION_LEVEL = "-O";
				VALIDATE_PRODUCT = YES;
				VERSIONING_SYSTEM = "apple-generic";
				VERSION_INFO_PREFIX = "";
			};
			name = Release;
		};
		FA620AAB26284B67003CD741 /* Debug */ = {
			isa = XCBuildConfiguration;
			baseConfigurationReference = 726C55D92A03789CD4215B27 /* Pods-JMTimelineKit.debug.xcconfig */;
			buildSettings = {
				CLANG_ENABLE_MODULES = YES;
				CODE_SIGN_STYLE = Automatic;
				DEFINES_MODULE = YES;
				DEVELOPMENT_TEAM = 2Z8328WFM8;
				DYLIB_COMPATIBILITY_VERSION = 1;
				DYLIB_CURRENT_VERSION = 1;
				DYLIB_INSTALL_NAME_BASE = "@rpath";
				INFOPLIST_FILE = JMTimelineKit/Info.plist;
				INSTALL_PATH = "$(LOCAL_LIBRARY_DIR)/Frameworks";
				LD_RUNPATH_SEARCH_PATHS = (
					"$(inherited)",
					"@executable_path/Frameworks",
					"@loader_path/Frameworks",
				);
				PRODUCT_BUNDLE_IDENTIFIER = com.jivosite.JMTimelineKit;
				PRODUCT_NAME = "$(TARGET_NAME:c99extidentifier)";
				SKIP_INSTALL = YES;
				SWIFT_OPTIMIZATION_LEVEL = "-Onone";
				SWIFT_VERSION = 5.0;
				TARGETED_DEVICE_FAMILY = "1,2";
			};
			name = Debug;
		};
		FA620AAC26284B67003CD741 /* Release */ = {
			isa = XCBuildConfiguration;
			baseConfigurationReference = 47B168CF491BBAF58366011C /* Pods-JMTimelineKit.release.xcconfig */;
			buildSettings = {
				CLANG_ENABLE_MODULES = YES;
				CODE_SIGN_STYLE = Automatic;
				DEFINES_MODULE = YES;
				DEVELOPMENT_TEAM = 2Z8328WFM8;
				DYLIB_COMPATIBILITY_VERSION = 1;
				DYLIB_CURRENT_VERSION = 1;
				DYLIB_INSTALL_NAME_BASE = "@rpath";
				INFOPLIST_FILE = JMTimelineKit/Info.plist;
				INSTALL_PATH = "$(LOCAL_LIBRARY_DIR)/Frameworks";
				LD_RUNPATH_SEARCH_PATHS = (
					"$(inherited)",
					"@executable_path/Frameworks",
					"@loader_path/Frameworks",
				);
				PRODUCT_BUNDLE_IDENTIFIER = com.jivosite.JMTimelineKit;
				PRODUCT_NAME = "$(TARGET_NAME:c99extidentifier)";
				SKIP_INSTALL = YES;
				SWIFT_VERSION = 5.0;
				TARGETED_DEVICE_FAMILY = "1,2";
			};
			name = Release;
		};
/* End XCBuildConfiguration section */

/* Begin XCConfigurationList section */
		FA620A9C26284B67003CD741 /* Build configuration list for PBXProject "JMTimelineKit" */ = {
			isa = XCConfigurationList;
			buildConfigurations = (
				FA620AA826284B67003CD741 /* Debug */,
				FA620AA926284B67003CD741 /* Release */,
			);
			defaultConfigurationIsVisible = 0;
			defaultConfigurationName = Release;
		};
		FA620AAA26284B67003CD741 /* Build configuration list for PBXNativeTarget "JMTimelineKit" */ = {
			isa = XCConfigurationList;
			buildConfigurations = (
				FA620AAB26284B67003CD741 /* Debug */,
				FA620AAC26284B67003CD741 /* Release */,
			);
			defaultConfigurationIsVisible = 0;
			defaultConfigurationName = Release;
		};
/* End XCConfigurationList section */
	};
	rootObject = FA620A9926284B67003CD741 /* Project object */;
}
